
Microsoft Visual Studio Solution File, Format Version 12.00
# Visual Studio 2012
Project("{FAE04EC0-301F-11D3-BF4B-00C04F79EFBC}") = "AsyncCallBackDemo", "AsyncCallBackDemo\AsyncCallBackDemo.csproj", "{C2CB17A0-8890-41A5-B9E7-ADD1076A2924}"
EndProject
Project("{FAE04EC0-301F-11D3-BF4B-00C04F79EFBC}") = "AsyncWaitHandle", "AsyncWaitHandle\AsyncWaitHandle.csproj", "{BDC62FA7-36A9-44E1-9704-1707FC140891}"
EndProject
Project("{FAE04EC0-301F-11D3-BF4B-00C04F79EFBC}") = "EndOperationNameDemo", "EndOperationNameDemo\EndOperationNameDemo.csproj", "{696F5EA1-6ABD-4255-A1BA-5206C0F8B1AF}"
EndProject
Project("{FAE04EC0-301F-11D3-BF4B-00C04F79EFBC}") = "Poll", "Poll\Poll.csproj", "{5AD0A237-C8D1-48A6-86E8-084A481CB980}"
EndProject
Global
	GlobalSection(SolutionConfigurationPlatforms) = preSolution
		Debug|Any CPU = Debug|Any CPU
		Release|Any CPU = Release|Any CPU
	EndGlobalSection
	GlobalSection(ProjectConfigurationPlatforms) = postSolution
		{C2CB17A0-8890-41A5-B9E7-ADD1076A2924}.Debug|Any CPU.ActiveCfg = Debug|Any CPU
		{C2CB17A0-8890-41A5-B9E7-ADD1076A2924}.Debug|Any CPU.Build.0 = Debug|Any CPU
		{C2CB17A0-8890-41A5-B9E7-ADD1076A2924}.Release|Any CPU.ActiveCfg = Release|Any CPU
		{C2CB17A0-8890-41A5-B9E7-ADD1076A2924}.Release|Any CPU.Build.0 = Release|Any CPU
		{BDC62FA7-36A9-44E1-9704-1707FC140891}.Debug|Any CPU.ActiveCfg = Debug|Any CPU
		{BDC62FA7-36A9-44E1-9704-1707FC140891}.Debug|Any CPU.Build.0 = Debug|Any CPU
		{BDC62FA7-36A9-44E1-9704-1707FC140891}.Release|Any CPU.ActiveCfg = Release|Any CPU
		{BDC62FA7-36A9-44E1-9704-1707FC140891}.Release|Any CPU.Build.0 = Release|Any CPU
		{696F5EA1-6ABD-4255-A1BA-5206C0F8B1AF}.Debug|Any CPU.ActiveCfg = Debug|Any CPU
		{696F5EA1-6ABD-4255-A1BA-5206C0F8B1AF}.Debug|Any CPU.Build.0 = Debug|Any CPU
		{696F5EA1-6ABD-4255-A1BA-5206C0F8B1AF}.Release|Any CPU.ActiveCfg = Release|Any CPU
		{696F5EA1-6ABD-4255-A1BA-5206C0F8B1AF}.Release|Any CPU.Build.0 = Release|Any CPU
		{5AD0A237-C8D1-48A6-86E8-084A481CB980}.Debug|Any CPU.ActiveCfg = Debug|Any CPU
		{5AD0A237-C8D1-48A6-86E8-084A481CB980}.Debug|Any CPU.Build.0 = Debug|Any CPU
		{5AD0A237-C8D1-48A6-86E8-084A481CB980}.Release|Any CPU.ActiveCfg = Release|Any CPU
		{5AD0A237-C8D1-48A6-86E8-084A481CB980}.Release|Any CPU.Build.0 = Release|Any CPU
	EndGlobalSection
	GlobalSection(SolutionProperties) = preSolution
		HideSolutionNode = FALSE
	EndGlobalSection
EndGlobal
