
Microsoft Visual Studio Solution File, Format Version 12.00
# Visual Studio 2012
Project("{2150E333-8FDC-42A3-9474-1A3956D46DE8}") = "Demo", "Demo", "{E5CB8E08-5D08-4CFA-866E-3E492A9C3FAD}"
EndProject
Project("{2150E333-8FDC-42A3-9474-1A3956D46DE8}") = "Basic", "Basic", "{50E3171E-EBB7-4225-9BD9-1D909C22073B}"
EndProject
Project("{FAE04EC0-301F-11D3-BF4B-00C04F79EFBC}") = "InterfaceDemo", "Demo\Basic\InterfaceDemo\InterfaceDemo.csproj", "{3E539EF8-339F-4000-9302-E318EC6ABEEA}"
EndProject
Project("{2150E333-8FDC-42A3-9474-1A3956D46DE8}") = "DotNet类库", "DotNet类库", "{2A0423D8-DDD9-4186-8EF4-55FEB7C729EA}"
EndProject
Project("{2150E333-8FDC-42A3-9474-1A3956D46DE8}") = "System.Threading NameSpaces", "System.Threading NameSpaces", "{50D7D4E2-3C59-4D55-A181-99B003110BF8}"
EndProject
Project("{2150E333-8FDC-42A3-9474-1A3956D46DE8}") = "System.Threading", "System.Threading", "{B5852999-BED0-4D22-BBBB-7682B049D115}"
EndProject
Project("{2150E333-8FDC-42A3-9474-1A3956D46DE8}") = "System.Threading.Tasks", "System.Threading.Tasks", "{3A375955-E2C4-4A61-8D01-4AD0694CA9AC}"
EndProject
Project("{2150E333-8FDC-42A3-9474-1A3956D46DE8}") = "System.Threading.Tasks.Dataflow", "System.Threading.Tasks.Dataflow", "{DE96B22F-EBB0-4F4A-B086-93399A435842}"
EndProject
Project("{2150E333-8FDC-42A3-9474-1A3956D46DE8}") = "Classes", "Classes", "{2D352991-034B-42DB-98ED-D093BE0A0128}"
EndProject
Project("{2150E333-8FDC-42A3-9474-1A3956D46DE8}") = "Structures", "Structures", "{2EF27A21-EF91-4989-89D7-690F7C21FC4F}"
EndProject
Project("{2150E333-8FDC-42A3-9474-1A3956D46DE8}") = "Delegates", "Delegates", "{F741D74D-CC78-4635-B7C5-464A0F1DD159}"
EndProject
Project("{2150E333-8FDC-42A3-9474-1A3956D46DE8}") = "Enumerations", "Enumerations", "{E683D040-B9A1-4AE4-94D7-F465395DE837}"
EndProject
Project("{2150E333-8FDC-42A3-9474-1A3956D46DE8}") = "DotNet开发指南", "DotNet开发指南", "{56E0C33C-8AD8-41CA-81BA-3071D39BE99E}"
EndProject
Project("{2150E333-8FDC-42A3-9474-1A3956D46DE8}") = "并行处理和并发", "并行处理和并发", "{39FEC018-3521-4EE7-891B-637867ED607B}"
EndProject
Project("{2150E333-8FDC-42A3-9474-1A3956D46DE8}") = "异步编程模式", "异步编程模式", "{A4C6E39E-7215-46AC-8AD1-8EEC0E58FED9}"
EndProject
Project("{2150E333-8FDC-42A3-9474-1A3956D46DE8}") = "APM", "APM", "{23FE8445-6903-466F-88DF-E10FCC2AE7C2}"
EndProject
Project("{FAE04EC0-301F-11D3-BF4B-00C04F79EFBC}") = "SyncProcedure", "DotNet4.5开发指南\并行处理和并发\异步编程模式\APM\SyncProcedure\SyncProcedure.csproj", "{5708410A-D054-42C3-97AA-940E927796A7}"
EndProject
Project("{FAE04EC0-301F-11D3-BF4B-00C04F79EFBC}") = "ComparingPatterns", "DotNet4.5开发指南\并行处理和并发\异步编程模式\ComparingPatterns\ComparingPatterns.csproj", "{EFE1B46F-232E-49D4-ADBC-9FD3150DAC27}"
EndProject
Project("{FAE04EC0-301F-11D3-BF4B-00C04F79EFBC}") = "AsyncProcedure", "DotNet4.5开发指南\并行处理和并发\异步编程模式\APM\AsyncProcedure\AsyncProcedure.csproj", "{21D8EBCB-1AC4-4B90-86F2-1ECAB7B14525}"
EndProject
Project("{2150E333-8FDC-42A3-9474-1A3956D46DE8}") = "使用IAsyncResult调用异步方法", "使用IAsyncResult调用异步方法", "{7E21DCD0-4812-4EE1-A1B3-50962BDB40AE}"
EndProject
Project("{FAE04EC0-301F-11D3-BF4B-00C04F79EFBC}") = "EndOperationNameDemo", "DotNet4.5开发指南\并行处理和并发\异步编程模式\APM\使用IAsyncResult调用异步方法\EndOperationNameDemo\EndOperationNameDemo.csproj", "{696F5EA1-6ABD-4255-A1BA-5206C0F8B1AF}"
EndProject
Project("{FAE04EC0-301F-11D3-BF4B-00C04F79EFBC}") = "AsyncWaitHandle", "DotNet4.5开发指南\并行处理和并发\异步编程模式\APM\使用IAsyncResult调用异步方法\AsyncWaitHandle\AsyncWaitHandle.csproj", "{BDC62FA7-36A9-44E1-9704-1707FC140891}"
EndProject
Project("{FAE04EC0-301F-11D3-BF4B-00C04F79EFBC}") = "Poll", "DotNet4.5开发指南\并行处理和并发\异步编程模式\APM\使用IAsyncResult调用异步方法\Poll\Poll.csproj", "{5AD0A237-C8D1-48A6-86E8-084A481CB980}"
EndProject
Project("{FAE04EC0-301F-11D3-BF4B-00C04F79EFBC}") = "AsyncCallBackDemo", "DotNet4.5开发指南\并行处理和并发\异步编程模式\APM\使用IAsyncResult调用异步方法\AsyncCallBackDemo\AsyncCallBackDemo.csproj", "{C2CB17A0-8890-41A5-B9E7-ADD1076A2924}"
EndProject
Project("{2150E333-8FDC-42A3-9474-1A3956D46DE8}") = "SQlite", "SQlite", "{8EE749A3-6A8B-44AF-A9B1-2437F1EACA2B}"
EndProject
Project("{FAE04EC0-301F-11D3-BF4B-00C04F79EFBC}") = "SQLiteFactoryDemo", "Demo\SQLite\SQLiteFactoryDemo\SQLiteFactoryDemo.csproj", "{48527A44-6708-4F2F-92D7-D9340774432B}"
EndProject
Project("{FAE04EC0-301F-11D3-BF4B-00C04F79EFBC}") = "CreateSQLite", "Demo\SQLite\CreateSQLite\CreateSQLite.csproj", "{4AD68609-3ED9-42ED-8E60-55803D012114}"
EndProject
Project("{2150E333-8FDC-42A3-9474-1A3956D46DE8}") = "System", "System", "{B7F31D00-6253-4703-8E53-BBC70EF468F9}"
EndProject
Project("{2150E333-8FDC-42A3-9474-1A3956D46DE8}") = "DateTimeKind", "DateTimeKind", "{B16F3210-B60D-4DD0-9CC5-AAC7719AC04B}"
EndProject
Project("{FAE04EC0-301F-11D3-BF4B-00C04F79EFBC}") = "DateTimeKindDemo", "DotNetFrameworkClassLibrary\System\DateTimeKind\DateTimeKindDemo\DateTimeKindDemo.csproj", "{68B5932D-FBB9-4AC3-B2AB-16DD9694CA54}"
EndProject
Project("{2150E333-8FDC-42A3-9474-1A3956D46DE8}") = "DateTime", "DateTime", "{BE26DF22-3267-4208-93F1-BB36AA7F1163}"
EndProject
Project("{FAE04EC0-301F-11D3-BF4B-00C04F79EFBC}") = "ToStringDemo", "DotNetFrameworkClassLibrary\System\DateTime\ToStringDemo\ToStringDemo.csproj", "{843F919E-EF99-44CA-B009-B28D66F7F8AF}"
EndProject
Project("{2150E333-8FDC-42A3-9474-1A3956D46DE8}") = "使用委托进行异步编程", "使用委托进行异步编程", "{B29305F1-E1A9-4456-B1AB-837701B3CF23}"
EndProject
Project("{FAE04EC0-301F-11D3-BF4B-00C04F79EFBC}") = "AsyncDemo", "DotNet4.5开发指南\并行处理和并发\异步编程模式\APM\使用委托进行异步编程\AsyncDemo\AsyncDemo.csproj", "{F8AE363A-F22E-4E21-990D-5133C21F2AE2}"
EndProject
Project("{FAE04EC0-301F-11D3-BF4B-00C04F79EFBC}") = "EndInvokeDemo", "DotNet4.5开发指南\并行处理和并发\异步编程模式\APM\使用委托进行异步编程\EndInvokeDemo\EndInvokeDemo.csproj", "{38E314F1-B8FC-4E72-B672-1F9709544FE4}"
EndProject
Project("{FAE04EC0-301F-11D3-BF4B-00C04F79EFBC}") = "WaitHandleDemo", "DotNet4.5开发指南\并行处理和并发\异步编程模式\APM\使用委托进行异步编程\WaitHandleDemo\WaitHandleDemo.csproj", "{4B78B01F-D3B7-4596-A99D-CD728A777D10}"
EndProject
Project("{2150E333-8FDC-42A3-9474-1A3956D46DE8}") = "System.Windows NameSpaces", "System.Windows NameSpaces", "{EC392C21-8573-4624-AE58-2734559F811E}"
EndProject
Project("{2150E333-8FDC-42A3-9474-1A3956D46DE8}") = "System.Windows.Forms", "System.Windows.Forms", "{4E957EE7-1182-4F69-87DB-F5BB201256D5}"
EndProject
Project("{FAE04EC0-301F-11D3-BF4B-00C04F79EFBC}") = "ContextMenuStripDemo", "DotNetFrameworkClassLibrary\System.Windows NameSpaces\System.Windows.Forms\ContextMenuStrip\ContextMenuStripDemo.csproj", "{1007D93B-2CBE-4F11-88CC-791D2F97F87A}"
EndProject
Project("{FAE04EC0-301F-11D3-BF4B-00C04F79EFBC}") = "ProgressBarDemo", "DotNetFrameworkClassLibrary\System.Windows NameSpaces\System.Windows.Forms\ProgressBarDemo\ProgressBarDemo.csproj", "{D3F36583-55BB-4BA6-A7FD-623F77F9743B}"
EndProject
Project("{FAE04EC0-301F-11D3-BF4B-00C04F79EFBC}") = "ThreadDemo", "DotNetFrameworkClassLibrary\System.Threading NameSpaces\System.Threading\ThreadDemo\ThreadDemo.csproj", "{EA9EB42B-6F24-419A-8709-6ADC908DEA59}"
EndProject
Project("{FAE04EC0-301F-11D3-BF4B-00C04F79EFBC}") = "PollingDemo", "DotNet4.5开发指南\并行处理和并发\异步编程模式\APM\使用委托进行异步编程\PollingDemo\PollingDemo.csproj", "{89B02CDE-4985-4F1A-AD16-A492EC324705}"
EndProject
Project("{FAE04EC0-301F-11D3-BF4B-00C04F79EFBC}") = "AsyncCallbackDemo", "DotNet4.5开发指南\并行处理和并发\异步编程模式\APM\使用委托进行异步编程\AsyncCallbackDemo\AsyncCallbackDemo.csproj", "{F24E8D60-172F-45C0-8C0B-7A418755D5BD}"
EndProject
Project("{FAE04EC0-301F-11D3-BF4B-00C04F79EFBC}") = "AsyncDelegateDemo", "DotNet4.5开发指南\并行处理和并发\异步编程模式\APM\使用委托进行异步编程\AsyncDelegateDemo\AsyncDelegateDemo.csproj", "{60836B17-D49F-4B26-B3A6-B1A522DE8108}"
EndProject
Project("{2150E333-8FDC-42A3-9474-1A3956D46DE8}") = "XAML", "XAML", "{002D3D55-C2A9-4667-B248-022388C1E830}"
EndProject
Project("{FAE04EC0-301F-11D3-BF4B-00C04F79EFBC}") = "XamlGuide", "Demo\Xaml\XamlGuide\XamlGuide.csproj", "{D0B27DE4-E197-421C-97F8-3B5EEB4DB28B}"
EndProject
Project("{2150E333-8FDC-42A3-9474-1A3956D46DE8}") = "TeeChart", "TeeChart", "{3EF0DF6C-0A90-4879-9E19-92839FCEB8BB}"
EndProject
Project("{FAE04EC0-301F-11D3-BF4B-00C04F79EFBC}") = "Direct2DDemo", "Demo\TeeChart\Direct2DDemo\Direct2DDemo.csproj", "{D4105B2A-8ED2-4236-B508-5AFB8424D702}"
EndProject
Project("{2150E333-8FDC-42A3-9474-1A3956D46DE8}") = "CSharp编程指南", "CSharp编程指南", "{2DB460DE-6255-4D31-9C3C-94E3533E3B9D}"
EndProject
Project("{2150E333-8FDC-42A3-9474-1A3956D46DE8}") = "语句表达式运算符", "语句表达式运算符", "{5EF86848-BBA2-4903-9D9B-78AFD0C0EC83}"
EndProject
Project("{2150E333-8FDC-42A3-9474-1A3956D46DE8}") = "匿名函数", "匿名函数", "{3888CE7E-DFB0-492C-AB20-53798FD9BE37}"
EndProject
Project("{FAE04EC0-301F-11D3-BF4B-00C04F79EFBC}") = "TeeChartDemo", "Demo\TeeChart\TeeChartDemo\TeeChartDemo.csproj", "{E554F038-5E57-49CA-B20C-52A15BF0F61B}"
EndProject
Project("{2150E333-8FDC-42A3-9474-1A3956D46DE8}") = "匿名方法", "匿名方法", "{8D1EB312-C736-42FD-826A-8173F22FB20D}"
EndProject
Project("{2150E333-8FDC-42A3-9474-1A3956D46DE8}") = "Lambda表达式", "Lambda表达式", "{5CFBB444-9734-41A7-A6E8-399B1C6A3CDF}"
EndProject
Project("{FAE04EC0-301F-11D3-BF4B-00C04F79EFBC}") = "EvolutionOfDelegates", "CSharp编程指南\语句表达式运算符\匿名函数\EvolutionOfDelegates\EvolutionOfDelegates.csproj", "{F0CED6A6-A47D-4060-826D-8A5E6B11C77D}"
EndProject
Project("{FAE04EC0-301F-11D3-BF4B-00C04F79EFBC}") = "EventResetModeDemo", "DotNetFrameworkClassLibrary\System.Threading NameSpaces\System.Threading\Enumerations\EventResetMode\EventResetModeDemo.csproj", "{DDB2CF73-6FEE-4B51-9B57-7D085F285A42}"
EndProject
Project("{FAE04EC0-301F-11D3-BF4B-00C04F79EFBC}") = "WaitHandleDemo", "DotNetFrameworkClassLibrary\System.Threading NameSpaces\System.Threading\Classes\WaitHandleDemo\WaitHandleDemo.csproj", "{64A69516-7D0C-4819-957D-1558031F2997}"
EndProject
Project("{FAE04EC0-301F-11D3-BF4B-00C04F79EFBC}") = "SemaphoreDemo", "DotNetFrameworkClassLibrary\System.Threading NameSpaces\System.Threading\Classes\SemaphoreDemo\SemaphoreDemo.csproj", "{89339693-EE17-457B-9DBF-DA1699CDA433}"
EndProject
Project("{2150E333-8FDC-42A3-9474-1A3956D46DE8}") = "System.Collections", "System.Collections", "{EDF54816-F616-4B5D-8AFC-38D620152006}"
EndProject
Project("{2150E333-8FDC-42A3-9474-1A3956D46DE8}") = "System.Collections.Concurrent", "System.Collections.Concurrent", "{CDD13DC2-C07D-4C09-9C82-2711F7AF8A64}"
EndProject
Project("{FAE04EC0-301F-11D3-BF4B-00C04F79EFBC}") = "ConcurrentDictionaryDemo", "DotNetFrameworkClassLibrary\System.Collections\System.Collections.Concurrent\ConcurrentDictionaryDemo\ConcurrentDictionaryDemo.csproj", "{60768E20-B050-4D8A-839B-B7364C403121}"
EndProject
Project("{2150E333-8FDC-42A3-9474-1A3956D46DE8}") = "CSharpBegin", "CSharpBegin", "{7F40AC6C-443D-4C8C-8075-0462090DDE51}"
EndProject
Project("{2150E333-8FDC-42A3-9474-1A3956D46DE8}") = "ZedGraph", "ZedGraph", "{ECBB715F-3244-4DD1-A1C4-773C290CC989}"
EndProject
Project("{FAE04EC0-301F-11D3-BF4B-00C04F79EFBC}") = "BmpProject", "Demo\ZedGraph\BmpProject\BmpProject.csproj", "{CB3E15F2-870D-4FE5-BD6B-EC00325513D4}"
EndProject
Project("{2150E333-8FDC-42A3-9474-1A3956D46DE8}") = "Game", "Game", "{DD8DCDAA-22FD-4729-8886-AD134EC78DF6}"
EndProject
Project("{FAE04EC0-301F-11D3-BF4B-00C04F79EFBC}") = "2048", "Demo\Game\2048\2048.csproj", "{F2302060-16B5-41C6-B4DF-18A2CD927B05}"
EndProject
Project("{2150E333-8FDC-42A3-9474-1A3956D46DE8}") = "Socket", "Socket", "{3BEBFCF9-2E28-44A9-8922-0B7CFB3C34BB}"
EndProject
Project("{FAE04EC0-301F-11D3-BF4B-00C04F79EFBC}") = "AsyncSocket", "Demo\Socket\AsyncSocket\AsyncSocket.csproj", "{1ECA9B91-192D-4A74-9257-AD2E6EA684C2}"
EndProject
Project("{FAE04EC0-301F-11D3-BF4B-00C04F79EFBC}") = "CommonTest", "CSharpBegin\CommonTest\CommonTest.csproj", "{0A4685FF-19D1-429B-BD39-C5D032ACD0E9}"
EndProject
Project("{2150E333-8FDC-42A3-9474-1A3956D46DE8}") = "DesignPattern", "DesignPattern", "{6816FA90-771B-4638-8A2B-AF39A3121740}"
EndProject
Project("{FAE04EC0-301F-11D3-BF4B-00C04F79EFBC}") = "LoadDataTable", "Demo\ZedGraph\LoadDataTable\LoadDataTable.csproj", "{44A95372-717B-4758-BFA5-329023F97E59}"
EndProject
Project("{2150E333-8FDC-42A3-9474-1A3956D46DE8}") = "DevExpress", "DevExpress", "{B2174786-91FA-4F84-A458-4BDDCEEEDC2A}"
EndProject
Project("{FAE04EC0-301F-11D3-BF4B-00C04F79EFBC}") = "ChuckLu", "Demo\DevExpress\ChuckLu\ChuckLu.csproj", "{3792106F-E09D-42B8-B1C0-5B5E18DCC0C4}"
EndProject
Project("{2150E333-8FDC-42A3-9474-1A3956D46DE8}") = "Part1", "Part1", "{DB9BD4B9-102E-4393-85D0-47C140E60DBF}"
EndProject
Project("{2150E333-8FDC-42A3-9474-1A3956D46DE8}") = "Chapter10", "Chapter10", "{28DFF3BA-C1E6-4A47-A32D-D65014C59401}"
EndProject
Project("{FAE04EC0-301F-11D3-BF4B-00C04F79EFBC}") = "Ch10CardLib", "CSharpBegin\Part1\Chapter10\Ch10CardLib\Ch10CardLib.csproj", "{2B25DE39-5627-465E-B8F4-016F9EDDF360}"
EndProject
Project("{FAE04EC0-301F-11D3-BF4B-00C04F79EFBC}") = "Ch10CardClient", "CSharpBegin\Part1\Chapter10\Ch10CardClient\Ch10CardClient.csproj", "{5BDB396E-0C3E-426B-A929-D49BB5792BFE}"
EndProject
Project("{FAE04EC0-301F-11D3-BF4B-00C04F79EFBC}") = "Observer", "DesignPattern\Observer\Observer.csproj", "{244CC7C5-0498-4544-B01E-9C718F20E968}"
EndProject
Project("{FAE04EC0-301F-11D3-BF4B-00C04F79EFBC}") = "ConvertHelperDemo", "Demo\Basic\ConvertHelper\ConvertHelperDemo.csproj", "{A0057A85-D172-457E-8A83-6CC6145A02AF}"
EndProject
Project("{2150E333-8FDC-42A3-9474-1A3956D46DE8}") = "Chapter11", "Chapter11", "{13110844-199A-4EE2-B4C1-B9CD24ED1C55}"
EndProject
Project("{FAE04EC0-301F-11D3-BF4B-00C04F79EFBC}") = "Ch11Ex01", "CSharpBegin\Part1\Chapter11\Ch11Ex01\Ch11Ex01.csproj", "{679614EC-6CF3-4D8E-A0E5-459B8622C04A}"
EndProject
Project("{FAE04EC0-301F-11D3-BF4B-00C04F79EFBC}") = "Ch11Ex02", "CSharpBegin\Part1\Chapter11\Ch11Ex02\Ch11Ex02.csproj", "{EA538080-8405-4FF3-89A8-ECBBD5D1D59C}"
EndProject
Project("{2150E333-8FDC-42A3-9474-1A3956D46DE8}") = "Part5", "Part5", "{7908AA3C-C6C7-4997-84B0-70103FB13CB3}"
EndProject
Project("{2150E333-8FDC-42A3-9474-1A3956D46DE8}") = "Chapter35", "Chapter35", "{90072215-173F-4F5D-BDFB-62BCB6FB20B1}"
EndProject
Project("{FAE04EC0-301F-11D3-BF4B-00C04F79EFBC}") = "Ch35Ex01", "CSharpBegin\Part5\Chapter35\Ch35Ex01\Ch35Ex01.csproj", "{1D52D28D-B69C-409A-A309-D62E82D56A73}"
EndProject
Project("{FAE04EC0-301F-11D3-BF4B-00C04F79EFBC}") = "Ch35Ex01Client", "CSharpBegin\Part5\Chapter35\Ch35Ex01Client\Ch35Ex01Client.csproj", "{E715B859-ABDF-46CA-92EA-18F010ABB642}"
	ProjectSection(ProjectDependencies) = postProject
		{1D52D28D-B69C-409A-A309-D62E82D56A73} = {1D52D28D-B69C-409A-A309-D62E82D56A73}
	EndProjectSection
EndProject
Project("{FAE04EC0-301F-11D3-BF4B-00C04F79EFBC}") = "Ch11CardLib", "CSharpBegin\Part1\Chapter11\Ch11CardLib\Ch11CardLib.csproj", "{3F4EAE83-101F-4CBF-83FE-812A8461FB9B}"
EndProject
Project("{FAE04EC0-301F-11D3-BF4B-00C04F79EFBC}") = "SimpleIterators", "CSharpBegin\Part1\Chapter11\SimpleIterators\SimpleIterators.csproj", "{1550717C-4AD3-418D-BE65-C5912AA58237}"
EndProject
Project("{2150E333-8FDC-42A3-9474-1A3956D46DE8}") = "System.Collections", "System.Collections", "{EC58150C-9EB3-4841-9CC9-A1C3F555A786}"
EndProject
Project("{2150E333-8FDC-42A3-9474-1A3956D46DE8}") = "Interfaces", "Interfaces", "{2FD0EA66-D19B-4335-8E5F-599208A1082A}"
EndProject
Project("{FAE04EC0-301F-11D3-BF4B-00C04F79EFBC}") = "IEnumeratorDemo", "DotNetFrameworkClassLibrary\System.Collections\System.Collections\Interfaces\IEnumeratorDemo\IEnumeratorDemo.csproj", "{C4E51F6B-8DEA-43B4-90E2-24E818B099E1}"
EndProject
Project("{FAE04EC0-301F-11D3-BF4B-00C04F79EFBC}") = "Ch11Ex03", "CSharpBegin\Part1\Chapter11\Ch11Ex03\Ch11Ex03.csproj", "{6E9BA46D-F57B-4D51-A3BA-458DA74C4040}"
EndProject
Project("{FAE04EC0-301F-11D3-BF4B-00C04F79EFBC}") = "Boxing", "CSharpBegin\Part1\Chapter11\Boxing\Boxing.csproj", "{BA3BBA48-6DB2-4969-BACB-6AB70C218F10}"
EndProject
Project("{FAE04EC0-301F-11D3-BF4B-00C04F79EFBC}") = "Ch11Ex04", "CSharpBegin\Part1\Chapter11\Ch11Ex04\Ch11Ex04.csproj", "{4DEF010E-FDA4-46BC-85B7-1F80BA819F46}"
EndProject
Project("{FAE04EC0-301F-11D3-BF4B-00C04F79EFBC}") = "Ch11Ex05", "CSharpBegin\Part1\Chapter11\Ch11Ex05\Ch11Ex05.csproj", "{3794DF5E-6270-41FB-81D7-028FC3A446B3}"
EndProject
Project("{2150E333-8FDC-42A3-9474-1A3956D46DE8}") = "Chapter12", "Chapter12", "{DCC23537-8648-4D34-87AC-1A0967BDA6B1}"
EndProject
Project("{FAE04EC0-301F-11D3-BF4B-00C04F79EFBC}") = "Ch12Ex01", "CSharpBegin\Part1\Chapter12\Ch12Ex01\Ch12Ex01.csproj", "{B0A2BE61-F077-47DD-82AA-8401CF32DC75}"
EndProject
Project("{FAE04EC0-301F-11D3-BF4B-00C04F79EFBC}") = "Ch12Ex03", "CSharpBegin\Part1\Chapter12\Ch12Ex03\Ch12Ex03.csproj", "{A6B913CC-00F4-4F62-9A8C-CF511F0FF07F}"
EndProject
Project("{FAE04EC0-301F-11D3-BF4B-00C04F79EFBC}") = "Ch12Ex02", "CSharpBegin\Part1\Chapter12\Ch12Ex02\Ch12Ex02.csproj", "{B533EA33-EFCD-479B-A134-D9A701ED6033}"
EndProject
Project("{FAE04EC0-301F-11D3-BF4B-00C04F79EFBC}") = "Ch12Ex04", "CSharpBegin\Part1\Chapter12\Ch12Ex04\Ch12Ex04.csproj", "{E027EDA2-A813-43A4-BC01-25C23B304200}"
EndProject
Project("{2150E333-8FDC-42A3-9474-1A3956D46DE8}") = "Chapter06", "Chapter06", "{19E388AD-A32B-4235-A94E-C9A2ECBC17D6}"
EndProject
Project("{FAE04EC0-301F-11D3-BF4B-00C04F79EFBC}") = "Ch06Ex05", "CSharpBegin\Part1\Chapter06\Ch06Ex05\Ch06Ex05.csproj", "{97C71A9E-6E62-4735-9218-D120B2B5E1E5}"
EndProject
Project("{2150E333-8FDC-42A3-9474-1A3956D46DE8}") = "Chapter07", "Chapter07", "{27816A40-5C47-4F24-9A81-A1981CC62653}"
EndProject
Project("{FAE04EC0-301F-11D3-BF4B-00C04F79EFBC}") = "Ch07Ex01", "CSharpBegin\Part1\Chapter07\Ch07Ex01\Ch07Ex01.csproj", "{A4452EF0-D4D2-4A6D-93BE-4DA15F959B9A}"
EndProject
Project("{2150E333-8FDC-42A3-9474-1A3956D46DE8}") = "Chapter09", "Chapter09", "{5B4CA02B-4275-4EFA-B1D4-0776652ACC31}"
EndProject
Project("{FAE04EC0-301F-11D3-BF4B-00C04F79EFBC}") = "Ch09Ex03", "CSharpBegin\Part1\Chapter09\Ch09Ex03\Ch09Ex03.csproj", "{B1CF5FD9-4F8C-4ACD-959E-30481367733E}"
EndProject
Project("{2150E333-8FDC-42A3-9474-1A3956D46DE8}") = "Chapter13", "Chapter13", "{2513474E-F15C-4C9A-A2D2-88F75184FB50}"
EndProject
Project("{FAE04EC0-301F-11D3-BF4B-00C04F79EFBC}") = "Ch13Ex02", "CSharpBegin\Part1\Chapter13\Ch13Ex02\Ch13Ex02.csproj", "{D6B1FABC-2148-402E-99BA-11A84CD6B872}"
EndProject
Project("{FAE04EC0-301F-11D3-BF4B-00C04F79EFBC}") = "Ch13Ex03", "CSharpBegin\Part1\Chapter13\Ch13Ex03\Ch13Ex03.csproj", "{E6978796-88C5-44FD-AFBA-88C8248ADF46}"
EndProject
Project("{2150E333-8FDC-42A3-9474-1A3956D46DE8}") = "EAP", "EAP", "{F7AB5AFB-0B79-4461-8F32-1CA178E8021F}"
EndProject
Project("{FAE04EC0-301F-11D3-BF4B-00C04F79EFBC}") = "UseComponent", "DotNet4.5开发指南\并行处理和并发\异步编程模式\EAP\UseComponent\UseComponent.csproj", "{7BD8970E-0131-453C-BD7E-ACCD618EAE62}"
EndProject
Project("{FAE04EC0-301F-11D3-BF4B-00C04F79EFBC}") = "SimpleFactory", "DesignPattern\SimpleFactory\SimpleFactory.csproj", "{EFF64FF0-B5CC-48C5-9BC8-00245125BDC8}"
EndProject
Project("{FAE04EC0-301F-11D3-BF4B-00C04F79EFBC}") = "FactoryMethod", "DesignPattern\FactoryMethod\FactoryMethod.csproj", "{81AE3A02-27F8-4FFC-8D0F-519C2E5D73F6}"
EndProject
Project("{FAE04EC0-301F-11D3-BF4B-00C04F79EFBC}") = "AbstractFactory", "DesignPattern\AbstractFactory\AbstractFactory.csproj", "{7621930A-DDE0-44EC-8348-45A6CE4DB3BB}"
EndProject
Project("{FAE04EC0-301F-11D3-BF4B-00C04F79EFBC}") = "ObjectPool", "DesignPattern\ObjectPool\ObjectPool.csproj", "{6802FAC4-EC2D-43E5-9493-593005F76AA9}"
EndProject
Project("{FAE04EC0-301F-11D3-BF4B-00C04F79EFBC}") = "Strategy", "DesignPattern\Strategy\Strategy.csproj", "{2F37A371-EED6-4D23-9FAF-776EC41221EC}"
EndProject
Project("{FAE04EC0-301F-11D3-BF4B-00C04F79EFBC}") = "Builder", "DesignPattern\Builder\Builder.csproj", "{4EDA0F8A-8942-4606-B4AA-A7ADDB847B55}"
EndProject
Project("{2150E333-8FDC-42A3-9474-1A3956D46DE8}") = "Classes", "Classes", "{73A10568-0A8C-45DC-99A5-BC3F8DDA153D}"
EndProject
Project("{FAE04EC0-301F-11D3-BF4B-00C04F79EFBC}") = "TaskDemo", "DotNetFrameworkClassLibrary\System.Threading NameSpaces\System.Threading.Tasks\Classes\TaskDemo\TaskDemo.csproj", "{62C9FD11-51EC-4CDA-B05B-0E57130781CF}"
EndProject
Project("{2150E333-8FDC-42A3-9474-1A3956D46DE8}") = "System.Reflection", "System.Reflection", "{B7BCF3C6-F925-4324-B3C9-E8131F39D8CB}"
EndProject
Project("{2150E333-8FDC-42A3-9474-1A3956D46DE8}") = "Reflection", "Reflection", "{159E6AE3-BA80-4C1D-978C-68AF7E687893}"
EndProject
Project("{FAE04EC0-301F-11D3-BF4B-00C04F79EFBC}") = "ReflectionDemo", "DotNetFrameworkClassLibrary\System.Reflection\Reflection\ReflectionDemo\ReflectionDemo.csproj", "{2FB5F646-80FC-4FB0-8037-1DF9B751EE53}"
EndProject
Global
	GlobalSection(SolutionConfigurationPlatforms) = preSolution
		Debug|Any CPU = Debug|Any CPU
		Debug|Mixed Platforms = Debug|Mixed Platforms
		Debug|x86 = Debug|x86
		Release|Any CPU = Release|Any CPU
		Release|Mixed Platforms = Release|Mixed Platforms
		Release|x86 = Release|x86
	EndGlobalSection
	GlobalSection(ProjectConfigurationPlatforms) = postSolution
		{3E539EF8-339F-4000-9302-E318EC6ABEEA}.Debug|Any CPU.ActiveCfg = Debug|Any CPU
		{3E539EF8-339F-4000-9302-E318EC6ABEEA}.Debug|Any CPU.Build.0 = Debug|Any CPU
		{3E539EF8-339F-4000-9302-E318EC6ABEEA}.Debug|Mixed Platforms.ActiveCfg = Debug|Any CPU
		{3E539EF8-339F-4000-9302-E318EC6ABEEA}.Debug|Mixed Platforms.Build.0 = Debug|Any CPU
		{3E539EF8-339F-4000-9302-E318EC6ABEEA}.Debug|x86.ActiveCfg = Debug|Any CPU
		{3E539EF8-339F-4000-9302-E318EC6ABEEA}.Release|Any CPU.ActiveCfg = Release|Any CPU
		{3E539EF8-339F-4000-9302-E318EC6ABEEA}.Release|Any CPU.Build.0 = Release|Any CPU
		{3E539EF8-339F-4000-9302-E318EC6ABEEA}.Release|Mixed Platforms.ActiveCfg = Release|Any CPU
		{3E539EF8-339F-4000-9302-E318EC6ABEEA}.Release|Mixed Platforms.Build.0 = Release|Any CPU
		{3E539EF8-339F-4000-9302-E318EC6ABEEA}.Release|x86.ActiveCfg = Release|Any CPU
		{5708410A-D054-42C3-97AA-940E927796A7}.Debug|Any CPU.ActiveCfg = Debug|Any CPU
		{5708410A-D054-42C3-97AA-940E927796A7}.Debug|Any CPU.Build.0 = Debug|Any CPU
		{5708410A-D054-42C3-97AA-940E927796A7}.Debug|Mixed Platforms.ActiveCfg = Debug|Any CPU
		{5708410A-D054-42C3-97AA-940E927796A7}.Debug|Mixed Platforms.Build.0 = Debug|Any CPU
		{5708410A-D054-42C3-97AA-940E927796A7}.Debug|x86.ActiveCfg = Debug|Any CPU
		{5708410A-D054-42C3-97AA-940E927796A7}.Release|Any CPU.ActiveCfg = Release|Any CPU
		{5708410A-D054-42C3-97AA-940E927796A7}.Release|Any CPU.Build.0 = Release|Any CPU
		{5708410A-D054-42C3-97AA-940E927796A7}.Release|Mixed Platforms.ActiveCfg = Release|Any CPU
		{5708410A-D054-42C3-97AA-940E927796A7}.Release|Mixed Platforms.Build.0 = Release|Any CPU
		{5708410A-D054-42C3-97AA-940E927796A7}.Release|x86.ActiveCfg = Release|Any CPU
		{EFE1B46F-232E-49D4-ADBC-9FD3150DAC27}.Debug|Any CPU.ActiveCfg = Debug|Any CPU
		{EFE1B46F-232E-49D4-ADBC-9FD3150DAC27}.Debug|Any CPU.Build.0 = Debug|Any CPU
		{EFE1B46F-232E-49D4-ADBC-9FD3150DAC27}.Debug|Mixed Platforms.ActiveCfg = Debug|Any CPU
		{EFE1B46F-232E-49D4-ADBC-9FD3150DAC27}.Debug|Mixed Platforms.Build.0 = Debug|Any CPU
		{EFE1B46F-232E-49D4-ADBC-9FD3150DAC27}.Debug|x86.ActiveCfg = Debug|Any CPU
		{EFE1B46F-232E-49D4-ADBC-9FD3150DAC27}.Release|Any CPU.ActiveCfg = Release|Any CPU
		{EFE1B46F-232E-49D4-ADBC-9FD3150DAC27}.Release|Any CPU.Build.0 = Release|Any CPU
		{EFE1B46F-232E-49D4-ADBC-9FD3150DAC27}.Release|Mixed Platforms.ActiveCfg = Release|Any CPU
		{EFE1B46F-232E-49D4-ADBC-9FD3150DAC27}.Release|Mixed Platforms.Build.0 = Release|Any CPU
		{EFE1B46F-232E-49D4-ADBC-9FD3150DAC27}.Release|x86.ActiveCfg = Release|Any CPU
		{21D8EBCB-1AC4-4B90-86F2-1ECAB7B14525}.Debug|Any CPU.ActiveCfg = Debug|Any CPU
		{21D8EBCB-1AC4-4B90-86F2-1ECAB7B14525}.Debug|Any CPU.Build.0 = Debug|Any CPU
		{21D8EBCB-1AC4-4B90-86F2-1ECAB7B14525}.Debug|Mixed Platforms.ActiveCfg = Debug|Any CPU
		{21D8EBCB-1AC4-4B90-86F2-1ECAB7B14525}.Debug|Mixed Platforms.Build.0 = Debug|Any CPU
		{21D8EBCB-1AC4-4B90-86F2-1ECAB7B14525}.Debug|x86.ActiveCfg = Debug|Any CPU
		{21D8EBCB-1AC4-4B90-86F2-1ECAB7B14525}.Release|Any CPU.ActiveCfg = Release|Any CPU
		{21D8EBCB-1AC4-4B90-86F2-1ECAB7B14525}.Release|Any CPU.Build.0 = Release|Any CPU
		{21D8EBCB-1AC4-4B90-86F2-1ECAB7B14525}.Release|Mixed Platforms.ActiveCfg = Release|Any CPU
		{21D8EBCB-1AC4-4B90-86F2-1ECAB7B14525}.Release|Mixed Platforms.Build.0 = Release|Any CPU
		{21D8EBCB-1AC4-4B90-86F2-1ECAB7B14525}.Release|x86.ActiveCfg = Release|Any CPU
		{696F5EA1-6ABD-4255-A1BA-5206C0F8B1AF}.Debug|Any CPU.ActiveCfg = Debug|Any CPU
		{696F5EA1-6ABD-4255-A1BA-5206C0F8B1AF}.Debug|Any CPU.Build.0 = Debug|Any CPU
		{696F5EA1-6ABD-4255-A1BA-5206C0F8B1AF}.Debug|Mixed Platforms.ActiveCfg = Debug|Any CPU
		{696F5EA1-6ABD-4255-A1BA-5206C0F8B1AF}.Debug|Mixed Platforms.Build.0 = Debug|Any CPU
		{696F5EA1-6ABD-4255-A1BA-5206C0F8B1AF}.Debug|x86.ActiveCfg = Debug|Any CPU
		{696F5EA1-6ABD-4255-A1BA-5206C0F8B1AF}.Release|Any CPU.ActiveCfg = Release|Any CPU
		{696F5EA1-6ABD-4255-A1BA-5206C0F8B1AF}.Release|Any CPU.Build.0 = Release|Any CPU
		{696F5EA1-6ABD-4255-A1BA-5206C0F8B1AF}.Release|Mixed Platforms.ActiveCfg = Release|Any CPU
		{696F5EA1-6ABD-4255-A1BA-5206C0F8B1AF}.Release|Mixed Platforms.Build.0 = Release|Any CPU
		{696F5EA1-6ABD-4255-A1BA-5206C0F8B1AF}.Release|x86.ActiveCfg = Release|Any CPU
		{BDC62FA7-36A9-44E1-9704-1707FC140891}.Debug|Any CPU.ActiveCfg = Debug|Any CPU
		{BDC62FA7-36A9-44E1-9704-1707FC140891}.Debug|Any CPU.Build.0 = Debug|Any CPU
		{BDC62FA7-36A9-44E1-9704-1707FC140891}.Debug|Mixed Platforms.ActiveCfg = Debug|Any CPU
		{BDC62FA7-36A9-44E1-9704-1707FC140891}.Debug|Mixed Platforms.Build.0 = Debug|Any CPU
		{BDC62FA7-36A9-44E1-9704-1707FC140891}.Debug|x86.ActiveCfg = Debug|Any CPU
		{BDC62FA7-36A9-44E1-9704-1707FC140891}.Release|Any CPU.ActiveCfg = Release|Any CPU
		{BDC62FA7-36A9-44E1-9704-1707FC140891}.Release|Any CPU.Build.0 = Release|Any CPU
		{BDC62FA7-36A9-44E1-9704-1707FC140891}.Release|Mixed Platforms.ActiveCfg = Release|Any CPU
		{BDC62FA7-36A9-44E1-9704-1707FC140891}.Release|Mixed Platforms.Build.0 = Release|Any CPU
		{BDC62FA7-36A9-44E1-9704-1707FC140891}.Release|x86.ActiveCfg = Release|Any CPU
		{5AD0A237-C8D1-48A6-86E8-084A481CB980}.Debug|Any CPU.ActiveCfg = Debug|Any CPU
		{5AD0A237-C8D1-48A6-86E8-084A481CB980}.Debug|Any CPU.Build.0 = Debug|Any CPU
		{5AD0A237-C8D1-48A6-86E8-084A481CB980}.Debug|Mixed Platforms.ActiveCfg = Debug|Any CPU
		{5AD0A237-C8D1-48A6-86E8-084A481CB980}.Debug|Mixed Platforms.Build.0 = Debug|Any CPU
		{5AD0A237-C8D1-48A6-86E8-084A481CB980}.Debug|x86.ActiveCfg = Debug|Any CPU
		{5AD0A237-C8D1-48A6-86E8-084A481CB980}.Release|Any CPU.ActiveCfg = Release|Any CPU
		{5AD0A237-C8D1-48A6-86E8-084A481CB980}.Release|Any CPU.Build.0 = Release|Any CPU
		{5AD0A237-C8D1-48A6-86E8-084A481CB980}.Release|Mixed Platforms.ActiveCfg = Release|Any CPU
		{5AD0A237-C8D1-48A6-86E8-084A481CB980}.Release|Mixed Platforms.Build.0 = Release|Any CPU
		{5AD0A237-C8D1-48A6-86E8-084A481CB980}.Release|x86.ActiveCfg = Release|Any CPU
		{C2CB17A0-8890-41A5-B9E7-ADD1076A2924}.Debug|Any CPU.ActiveCfg = Debug|Any CPU
		{C2CB17A0-8890-41A5-B9E7-ADD1076A2924}.Debug|Any CPU.Build.0 = Debug|Any CPU
		{C2CB17A0-8890-41A5-B9E7-ADD1076A2924}.Debug|Mixed Platforms.ActiveCfg = Debug|Any CPU
		{C2CB17A0-8890-41A5-B9E7-ADD1076A2924}.Debug|Mixed Platforms.Build.0 = Debug|Any CPU
		{C2CB17A0-8890-41A5-B9E7-ADD1076A2924}.Debug|x86.ActiveCfg = Debug|Any CPU
		{C2CB17A0-8890-41A5-B9E7-ADD1076A2924}.Release|Any CPU.ActiveCfg = Release|Any CPU
		{C2CB17A0-8890-41A5-B9E7-ADD1076A2924}.Release|Any CPU.Build.0 = Release|Any CPU
		{C2CB17A0-8890-41A5-B9E7-ADD1076A2924}.Release|Mixed Platforms.ActiveCfg = Release|Any CPU
		{C2CB17A0-8890-41A5-B9E7-ADD1076A2924}.Release|Mixed Platforms.Build.0 = Release|Any CPU
		{C2CB17A0-8890-41A5-B9E7-ADD1076A2924}.Release|x86.ActiveCfg = Release|Any CPU
		{48527A44-6708-4F2F-92D7-D9340774432B}.Debug|Any CPU.ActiveCfg = Debug|Any CPU
		{48527A44-6708-4F2F-92D7-D9340774432B}.Debug|Any CPU.Build.0 = Debug|Any CPU
		{48527A44-6708-4F2F-92D7-D9340774432B}.Debug|Mixed Platforms.ActiveCfg = Debug|Any CPU
		{48527A44-6708-4F2F-92D7-D9340774432B}.Debug|Mixed Platforms.Build.0 = Debug|Any CPU
		{48527A44-6708-4F2F-92D7-D9340774432B}.Debug|x86.ActiveCfg = Debug|Any CPU
		{48527A44-6708-4F2F-92D7-D9340774432B}.Release|Any CPU.ActiveCfg = Release|Any CPU
		{48527A44-6708-4F2F-92D7-D9340774432B}.Release|Any CPU.Build.0 = Release|Any CPU
		{48527A44-6708-4F2F-92D7-D9340774432B}.Release|Mixed Platforms.ActiveCfg = Release|Any CPU
		{48527A44-6708-4F2F-92D7-D9340774432B}.Release|Mixed Platforms.Build.0 = Release|Any CPU
		{48527A44-6708-4F2F-92D7-D9340774432B}.Release|x86.ActiveCfg = Release|Any CPU
		{4AD68609-3ED9-42ED-8E60-55803D012114}.Debug|Any CPU.ActiveCfg = Debug|Any CPU
		{4AD68609-3ED9-42ED-8E60-55803D012114}.Debug|Any CPU.Build.0 = Debug|Any CPU
		{4AD68609-3ED9-42ED-8E60-55803D012114}.Debug|Mixed Platforms.ActiveCfg = Debug|Any CPU
		{4AD68609-3ED9-42ED-8E60-55803D012114}.Debug|Mixed Platforms.Build.0 = Debug|Any CPU
		{4AD68609-3ED9-42ED-8E60-55803D012114}.Debug|x86.ActiveCfg = Debug|Any CPU
		{4AD68609-3ED9-42ED-8E60-55803D012114}.Release|Any CPU.ActiveCfg = Release|Any CPU
		{4AD68609-3ED9-42ED-8E60-55803D012114}.Release|Any CPU.Build.0 = Release|Any CPU
		{4AD68609-3ED9-42ED-8E60-55803D012114}.Release|Mixed Platforms.ActiveCfg = Release|Any CPU
		{4AD68609-3ED9-42ED-8E60-55803D012114}.Release|Mixed Platforms.Build.0 = Release|Any CPU
		{4AD68609-3ED9-42ED-8E60-55803D012114}.Release|x86.ActiveCfg = Release|Any CPU
		{68B5932D-FBB9-4AC3-B2AB-16DD9694CA54}.Debug|Any CPU.ActiveCfg = Debug|Any CPU
		{68B5932D-FBB9-4AC3-B2AB-16DD9694CA54}.Debug|Any CPU.Build.0 = Debug|Any CPU
		{68B5932D-FBB9-4AC3-B2AB-16DD9694CA54}.Debug|Mixed Platforms.ActiveCfg = Debug|Any CPU
		{68B5932D-FBB9-4AC3-B2AB-16DD9694CA54}.Debug|Mixed Platforms.Build.0 = Debug|Any CPU
		{68B5932D-FBB9-4AC3-B2AB-16DD9694CA54}.Debug|x86.ActiveCfg = Debug|Any CPU
		{68B5932D-FBB9-4AC3-B2AB-16DD9694CA54}.Release|Any CPU.ActiveCfg = Release|Any CPU
		{68B5932D-FBB9-4AC3-B2AB-16DD9694CA54}.Release|Any CPU.Build.0 = Release|Any CPU
		{68B5932D-FBB9-4AC3-B2AB-16DD9694CA54}.Release|Mixed Platforms.ActiveCfg = Release|Any CPU
		{68B5932D-FBB9-4AC3-B2AB-16DD9694CA54}.Release|Mixed Platforms.Build.0 = Release|Any CPU
		{68B5932D-FBB9-4AC3-B2AB-16DD9694CA54}.Release|x86.ActiveCfg = Release|Any CPU
		{843F919E-EF99-44CA-B009-B28D66F7F8AF}.Debug|Any CPU.ActiveCfg = Debug|Any CPU
		{843F919E-EF99-44CA-B009-B28D66F7F8AF}.Debug|Any CPU.Build.0 = Debug|Any CPU
		{843F919E-EF99-44CA-B009-B28D66F7F8AF}.Debug|Mixed Platforms.ActiveCfg = Debug|Any CPU
		{843F919E-EF99-44CA-B009-B28D66F7F8AF}.Debug|Mixed Platforms.Build.0 = Debug|Any CPU
		{843F919E-EF99-44CA-B009-B28D66F7F8AF}.Debug|x86.ActiveCfg = Debug|Any CPU
		{843F919E-EF99-44CA-B009-B28D66F7F8AF}.Release|Any CPU.ActiveCfg = Release|Any CPU
		{843F919E-EF99-44CA-B009-B28D66F7F8AF}.Release|Any CPU.Build.0 = Release|Any CPU
		{843F919E-EF99-44CA-B009-B28D66F7F8AF}.Release|Mixed Platforms.ActiveCfg = Release|Any CPU
		{843F919E-EF99-44CA-B009-B28D66F7F8AF}.Release|Mixed Platforms.Build.0 = Release|Any CPU
		{843F919E-EF99-44CA-B009-B28D66F7F8AF}.Release|x86.ActiveCfg = Release|Any CPU
		{F8AE363A-F22E-4E21-990D-5133C21F2AE2}.Debug|Any CPU.ActiveCfg = Debug|Any CPU
		{F8AE363A-F22E-4E21-990D-5133C21F2AE2}.Debug|Any CPU.Build.0 = Debug|Any CPU
		{F8AE363A-F22E-4E21-990D-5133C21F2AE2}.Debug|Mixed Platforms.ActiveCfg = Debug|Any CPU
		{F8AE363A-F22E-4E21-990D-5133C21F2AE2}.Debug|Mixed Platforms.Build.0 = Debug|Any CPU
		{F8AE363A-F22E-4E21-990D-5133C21F2AE2}.Debug|x86.ActiveCfg = Debug|Any CPU
		{F8AE363A-F22E-4E21-990D-5133C21F2AE2}.Release|Any CPU.ActiveCfg = Release|Any CPU
		{F8AE363A-F22E-4E21-990D-5133C21F2AE2}.Release|Any CPU.Build.0 = Release|Any CPU
		{F8AE363A-F22E-4E21-990D-5133C21F2AE2}.Release|Mixed Platforms.ActiveCfg = Release|Any CPU
		{F8AE363A-F22E-4E21-990D-5133C21F2AE2}.Release|Mixed Platforms.Build.0 = Release|Any CPU
		{F8AE363A-F22E-4E21-990D-5133C21F2AE2}.Release|x86.ActiveCfg = Release|Any CPU
		{38E314F1-B8FC-4E72-B672-1F9709544FE4}.Debug|Any CPU.ActiveCfg = Debug|Any CPU
		{38E314F1-B8FC-4E72-B672-1F9709544FE4}.Debug|Any CPU.Build.0 = Debug|Any CPU
		{38E314F1-B8FC-4E72-B672-1F9709544FE4}.Debug|Mixed Platforms.ActiveCfg = Debug|Any CPU
		{38E314F1-B8FC-4E72-B672-1F9709544FE4}.Debug|Mixed Platforms.Build.0 = Debug|Any CPU
		{38E314F1-B8FC-4E72-B672-1F9709544FE4}.Debug|x86.ActiveCfg = Debug|Any CPU
		{38E314F1-B8FC-4E72-B672-1F9709544FE4}.Release|Any CPU.ActiveCfg = Release|Any CPU
		{38E314F1-B8FC-4E72-B672-1F9709544FE4}.Release|Any CPU.Build.0 = Release|Any CPU
		{38E314F1-B8FC-4E72-B672-1F9709544FE4}.Release|Mixed Platforms.ActiveCfg = Release|Any CPU
		{38E314F1-B8FC-4E72-B672-1F9709544FE4}.Release|Mixed Platforms.Build.0 = Release|Any CPU
		{38E314F1-B8FC-4E72-B672-1F9709544FE4}.Release|x86.ActiveCfg = Release|Any CPU
		{4B78B01F-D3B7-4596-A99D-CD728A777D10}.Debug|Any CPU.ActiveCfg = Debug|Any CPU
		{4B78B01F-D3B7-4596-A99D-CD728A777D10}.Debug|Any CPU.Build.0 = Debug|Any CPU
		{4B78B01F-D3B7-4596-A99D-CD728A777D10}.Debug|Mixed Platforms.ActiveCfg = Debug|Any CPU
		{4B78B01F-D3B7-4596-A99D-CD728A777D10}.Debug|Mixed Platforms.Build.0 = Debug|Any CPU
		{4B78B01F-D3B7-4596-A99D-CD728A777D10}.Debug|x86.ActiveCfg = Debug|Any CPU
		{4B78B01F-D3B7-4596-A99D-CD728A777D10}.Release|Any CPU.ActiveCfg = Release|Any CPU
		{4B78B01F-D3B7-4596-A99D-CD728A777D10}.Release|Any CPU.Build.0 = Release|Any CPU
		{4B78B01F-D3B7-4596-A99D-CD728A777D10}.Release|Mixed Platforms.ActiveCfg = Release|Any CPU
		{4B78B01F-D3B7-4596-A99D-CD728A777D10}.Release|Mixed Platforms.Build.0 = Release|Any CPU
		{4B78B01F-D3B7-4596-A99D-CD728A777D10}.Release|x86.ActiveCfg = Release|Any CPU
		{1007D93B-2CBE-4F11-88CC-791D2F97F87A}.Debug|Any CPU.ActiveCfg = Debug|Any CPU
		{1007D93B-2CBE-4F11-88CC-791D2F97F87A}.Debug|Any CPU.Build.0 = Debug|Any CPU
		{1007D93B-2CBE-4F11-88CC-791D2F97F87A}.Debug|Mixed Platforms.ActiveCfg = Debug|Any CPU
		{1007D93B-2CBE-4F11-88CC-791D2F97F87A}.Debug|Mixed Platforms.Build.0 = Debug|Any CPU
		{1007D93B-2CBE-4F11-88CC-791D2F97F87A}.Debug|x86.ActiveCfg = Debug|Any CPU
		{1007D93B-2CBE-4F11-88CC-791D2F97F87A}.Release|Any CPU.ActiveCfg = Release|Any CPU
		{1007D93B-2CBE-4F11-88CC-791D2F97F87A}.Release|Any CPU.Build.0 = Release|Any CPU
		{1007D93B-2CBE-4F11-88CC-791D2F97F87A}.Release|Mixed Platforms.ActiveCfg = Release|Any CPU
		{1007D93B-2CBE-4F11-88CC-791D2F97F87A}.Release|Mixed Platforms.Build.0 = Release|Any CPU
		{1007D93B-2CBE-4F11-88CC-791D2F97F87A}.Release|x86.ActiveCfg = Release|Any CPU
		{D3F36583-55BB-4BA6-A7FD-623F77F9743B}.Debug|Any CPU.ActiveCfg = Debug|Any CPU
		{D3F36583-55BB-4BA6-A7FD-623F77F9743B}.Debug|Any CPU.Build.0 = Debug|Any CPU
		{D3F36583-55BB-4BA6-A7FD-623F77F9743B}.Debug|Mixed Platforms.ActiveCfg = Debug|Any CPU
		{D3F36583-55BB-4BA6-A7FD-623F77F9743B}.Debug|Mixed Platforms.Build.0 = Debug|Any CPU
		{D3F36583-55BB-4BA6-A7FD-623F77F9743B}.Debug|x86.ActiveCfg = Debug|Any CPU
		{D3F36583-55BB-4BA6-A7FD-623F77F9743B}.Release|Any CPU.ActiveCfg = Release|Any CPU
		{D3F36583-55BB-4BA6-A7FD-623F77F9743B}.Release|Any CPU.Build.0 = Release|Any CPU
		{D3F36583-55BB-4BA6-A7FD-623F77F9743B}.Release|Mixed Platforms.ActiveCfg = Release|Any CPU
		{D3F36583-55BB-4BA6-A7FD-623F77F9743B}.Release|Mixed Platforms.Build.0 = Release|Any CPU
		{D3F36583-55BB-4BA6-A7FD-623F77F9743B}.Release|x86.ActiveCfg = Release|Any CPU
		{EA9EB42B-6F24-419A-8709-6ADC908DEA59}.Debug|Any CPU.ActiveCfg = Debug|Any CPU
		{EA9EB42B-6F24-419A-8709-6ADC908DEA59}.Debug|Any CPU.Build.0 = Debug|Any CPU
		{EA9EB42B-6F24-419A-8709-6ADC908DEA59}.Debug|Mixed Platforms.ActiveCfg = Debug|Any CPU
		{EA9EB42B-6F24-419A-8709-6ADC908DEA59}.Debug|Mixed Platforms.Build.0 = Debug|Any CPU
		{EA9EB42B-6F24-419A-8709-6ADC908DEA59}.Debug|x86.ActiveCfg = Debug|Any CPU
		{EA9EB42B-6F24-419A-8709-6ADC908DEA59}.Release|Any CPU.ActiveCfg = Release|Any CPU
		{EA9EB42B-6F24-419A-8709-6ADC908DEA59}.Release|Any CPU.Build.0 = Release|Any CPU
		{EA9EB42B-6F24-419A-8709-6ADC908DEA59}.Release|Mixed Platforms.ActiveCfg = Release|Any CPU
		{EA9EB42B-6F24-419A-8709-6ADC908DEA59}.Release|Mixed Platforms.Build.0 = Release|Any CPU
		{EA9EB42B-6F24-419A-8709-6ADC908DEA59}.Release|x86.ActiveCfg = Release|Any CPU
		{89B02CDE-4985-4F1A-AD16-A492EC324705}.Debug|Any CPU.ActiveCfg = Debug|Any CPU
		{89B02CDE-4985-4F1A-AD16-A492EC324705}.Debug|Any CPU.Build.0 = Debug|Any CPU
		{89B02CDE-4985-4F1A-AD16-A492EC324705}.Debug|Mixed Platforms.ActiveCfg = Debug|Any CPU
		{89B02CDE-4985-4F1A-AD16-A492EC324705}.Debug|Mixed Platforms.Build.0 = Debug|Any CPU
		{89B02CDE-4985-4F1A-AD16-A492EC324705}.Debug|x86.ActiveCfg = Debug|Any CPU
		{89B02CDE-4985-4F1A-AD16-A492EC324705}.Release|Any CPU.ActiveCfg = Release|Any CPU
		{89B02CDE-4985-4F1A-AD16-A492EC324705}.Release|Any CPU.Build.0 = Release|Any CPU
		{89B02CDE-4985-4F1A-AD16-A492EC324705}.Release|Mixed Platforms.ActiveCfg = Release|Any CPU
		{89B02CDE-4985-4F1A-AD16-A492EC324705}.Release|Mixed Platforms.Build.0 = Release|Any CPU
		{89B02CDE-4985-4F1A-AD16-A492EC324705}.Release|x86.ActiveCfg = Release|Any CPU
		{F24E8D60-172F-45C0-8C0B-7A418755D5BD}.Debug|Any CPU.ActiveCfg = Debug|Any CPU
		{F24E8D60-172F-45C0-8C0B-7A418755D5BD}.Debug|Any CPU.Build.0 = Debug|Any CPU
		{F24E8D60-172F-45C0-8C0B-7A418755D5BD}.Debug|Mixed Platforms.ActiveCfg = Debug|Any CPU
		{F24E8D60-172F-45C0-8C0B-7A418755D5BD}.Debug|Mixed Platforms.Build.0 = Debug|Any CPU
		{F24E8D60-172F-45C0-8C0B-7A418755D5BD}.Debug|x86.ActiveCfg = Debug|Any CPU
		{F24E8D60-172F-45C0-8C0B-7A418755D5BD}.Release|Any CPU.ActiveCfg = Release|Any CPU
		{F24E8D60-172F-45C0-8C0B-7A418755D5BD}.Release|Any CPU.Build.0 = Release|Any CPU
		{F24E8D60-172F-45C0-8C0B-7A418755D5BD}.Release|Mixed Platforms.ActiveCfg = Release|Any CPU
		{F24E8D60-172F-45C0-8C0B-7A418755D5BD}.Release|Mixed Platforms.Build.0 = Release|Any CPU
		{F24E8D60-172F-45C0-8C0B-7A418755D5BD}.Release|x86.ActiveCfg = Release|Any CPU
		{60836B17-D49F-4B26-B3A6-B1A522DE8108}.Debug|Any CPU.ActiveCfg = Debug|Any CPU
		{60836B17-D49F-4B26-B3A6-B1A522DE8108}.Debug|Any CPU.Build.0 = Debug|Any CPU
		{60836B17-D49F-4B26-B3A6-B1A522DE8108}.Debug|Mixed Platforms.ActiveCfg = Debug|Any CPU
		{60836B17-D49F-4B26-B3A6-B1A522DE8108}.Debug|Mixed Platforms.Build.0 = Debug|Any CPU
		{60836B17-D49F-4B26-B3A6-B1A522DE8108}.Debug|x86.ActiveCfg = Debug|Any CPU
		{60836B17-D49F-4B26-B3A6-B1A522DE8108}.Release|Any CPU.ActiveCfg = Release|Any CPU
		{60836B17-D49F-4B26-B3A6-B1A522DE8108}.Release|Any CPU.Build.0 = Release|Any CPU
		{60836B17-D49F-4B26-B3A6-B1A522DE8108}.Release|Mixed Platforms.ActiveCfg = Release|Any CPU
		{60836B17-D49F-4B26-B3A6-B1A522DE8108}.Release|Mixed Platforms.Build.0 = Release|Any CPU
		{60836B17-D49F-4B26-B3A6-B1A522DE8108}.Release|x86.ActiveCfg = Release|Any CPU
		{D0B27DE4-E197-421C-97F8-3B5EEB4DB28B}.Debug|Any CPU.ActiveCfg = Debug|Any CPU
		{D0B27DE4-E197-421C-97F8-3B5EEB4DB28B}.Debug|Any CPU.Build.0 = Debug|Any CPU
		{D0B27DE4-E197-421C-97F8-3B5EEB4DB28B}.Debug|Mixed Platforms.ActiveCfg = Debug|Any CPU
		{D0B27DE4-E197-421C-97F8-3B5EEB4DB28B}.Debug|Mixed Platforms.Build.0 = Debug|Any CPU
		{D0B27DE4-E197-421C-97F8-3B5EEB4DB28B}.Debug|x86.ActiveCfg = Debug|Any CPU
		{D0B27DE4-E197-421C-97F8-3B5EEB4DB28B}.Release|Any CPU.ActiveCfg = Release|Any CPU
		{D0B27DE4-E197-421C-97F8-3B5EEB4DB28B}.Release|Any CPU.Build.0 = Release|Any CPU
		{D0B27DE4-E197-421C-97F8-3B5EEB4DB28B}.Release|Mixed Platforms.ActiveCfg = Release|Any CPU
		{D0B27DE4-E197-421C-97F8-3B5EEB4DB28B}.Release|Mixed Platforms.Build.0 = Release|Any CPU
		{D0B27DE4-E197-421C-97F8-3B5EEB4DB28B}.Release|x86.ActiveCfg = Release|Any CPU
		{D4105B2A-8ED2-4236-B508-5AFB8424D702}.Debug|Any CPU.ActiveCfg = Debug|Any CPU
		{D4105B2A-8ED2-4236-B508-5AFB8424D702}.Debug|Any CPU.Build.0 = Debug|Any CPU
		{D4105B2A-8ED2-4236-B508-5AFB8424D702}.Debug|Mixed Platforms.ActiveCfg = Debug|x86
		{D4105B2A-8ED2-4236-B508-5AFB8424D702}.Debug|Mixed Platforms.Build.0 = Debug|x86
		{D4105B2A-8ED2-4236-B508-5AFB8424D702}.Debug|x86.ActiveCfg = Debug|Any CPU
		{D4105B2A-8ED2-4236-B508-5AFB8424D702}.Release|Any CPU.ActiveCfg = Release|Any CPU
		{D4105B2A-8ED2-4236-B508-5AFB8424D702}.Release|Any CPU.Build.0 = Release|Any CPU
		{D4105B2A-8ED2-4236-B508-5AFB8424D702}.Release|Mixed Platforms.ActiveCfg = Release|Any CPU
		{D4105B2A-8ED2-4236-B508-5AFB8424D702}.Release|Mixed Platforms.Build.0 = Release|Any CPU
		{D4105B2A-8ED2-4236-B508-5AFB8424D702}.Release|x86.ActiveCfg = Release|Any CPU
		{E554F038-5E57-49CA-B20C-52A15BF0F61B}.Debug|Any CPU.ActiveCfg = Debug|Any CPU
		{E554F038-5E57-49CA-B20C-52A15BF0F61B}.Debug|Any CPU.Build.0 = Debug|Any CPU
		{E554F038-5E57-49CA-B20C-52A15BF0F61B}.Debug|Mixed Platforms.ActiveCfg = Debug|Any CPU
		{E554F038-5E57-49CA-B20C-52A15BF0F61B}.Debug|Mixed Platforms.Build.0 = Debug|Any CPU
		{E554F038-5E57-49CA-B20C-52A15BF0F61B}.Debug|x86.ActiveCfg = Debug|Any CPU
		{E554F038-5E57-49CA-B20C-52A15BF0F61B}.Release|Any CPU.ActiveCfg = Release|Any CPU
		{E554F038-5E57-49CA-B20C-52A15BF0F61B}.Release|Any CPU.Build.0 = Release|Any CPU
		{E554F038-5E57-49CA-B20C-52A15BF0F61B}.Release|Mixed Platforms.ActiveCfg = Release|Any CPU
		{E554F038-5E57-49CA-B20C-52A15BF0F61B}.Release|Mixed Platforms.Build.0 = Release|Any CPU
		{E554F038-5E57-49CA-B20C-52A15BF0F61B}.Release|x86.ActiveCfg = Release|Any CPU
		{F0CED6A6-A47D-4060-826D-8A5E6B11C77D}.Debug|Any CPU.ActiveCfg = Debug|Any CPU
		{F0CED6A6-A47D-4060-826D-8A5E6B11C77D}.Debug|Any CPU.Build.0 = Debug|Any CPU
		{F0CED6A6-A47D-4060-826D-8A5E6B11C77D}.Debug|Mixed Platforms.ActiveCfg = Debug|Any CPU
		{F0CED6A6-A47D-4060-826D-8A5E6B11C77D}.Debug|Mixed Platforms.Build.0 = Debug|Any CPU
		{F0CED6A6-A47D-4060-826D-8A5E6B11C77D}.Debug|x86.ActiveCfg = Debug|Any CPU
		{F0CED6A6-A47D-4060-826D-8A5E6B11C77D}.Release|Any CPU.ActiveCfg = Release|Any CPU
		{F0CED6A6-A47D-4060-826D-8A5E6B11C77D}.Release|Any CPU.Build.0 = Release|Any CPU
		{F0CED6A6-A47D-4060-826D-8A5E6B11C77D}.Release|Mixed Platforms.ActiveCfg = Release|Any CPU
		{F0CED6A6-A47D-4060-826D-8A5E6B11C77D}.Release|Mixed Platforms.Build.0 = Release|Any CPU
		{F0CED6A6-A47D-4060-826D-8A5E6B11C77D}.Release|x86.ActiveCfg = Release|Any CPU
		{DDB2CF73-6FEE-4B51-9B57-7D085F285A42}.Debug|Any CPU.ActiveCfg = Debug|Any CPU
		{DDB2CF73-6FEE-4B51-9B57-7D085F285A42}.Debug|Any CPU.Build.0 = Debug|Any CPU
		{DDB2CF73-6FEE-4B51-9B57-7D085F285A42}.Debug|Mixed Platforms.ActiveCfg = Debug|Any CPU
		{DDB2CF73-6FEE-4B51-9B57-7D085F285A42}.Debug|Mixed Platforms.Build.0 = Debug|Any CPU
		{DDB2CF73-6FEE-4B51-9B57-7D085F285A42}.Debug|x86.ActiveCfg = Debug|Any CPU
		{DDB2CF73-6FEE-4B51-9B57-7D085F285A42}.Release|Any CPU.ActiveCfg = Release|Any CPU
		{DDB2CF73-6FEE-4B51-9B57-7D085F285A42}.Release|Any CPU.Build.0 = Release|Any CPU
		{DDB2CF73-6FEE-4B51-9B57-7D085F285A42}.Release|Mixed Platforms.ActiveCfg = Release|Any CPU
		{DDB2CF73-6FEE-4B51-9B57-7D085F285A42}.Release|Mixed Platforms.Build.0 = Release|Any CPU
		{DDB2CF73-6FEE-4B51-9B57-7D085F285A42}.Release|x86.ActiveCfg = Release|Any CPU
		{64A69516-7D0C-4819-957D-1558031F2997}.Debug|Any CPU.ActiveCfg = Debug|Any CPU
		{64A69516-7D0C-4819-957D-1558031F2997}.Debug|Any CPU.Build.0 = Debug|Any CPU
		{64A69516-7D0C-4819-957D-1558031F2997}.Debug|Mixed Platforms.ActiveCfg = Debug|Any CPU
		{64A69516-7D0C-4819-957D-1558031F2997}.Debug|Mixed Platforms.Build.0 = Debug|Any CPU
		{64A69516-7D0C-4819-957D-1558031F2997}.Debug|x86.ActiveCfg = Debug|Any CPU
		{64A69516-7D0C-4819-957D-1558031F2997}.Release|Any CPU.ActiveCfg = Release|Any CPU
		{64A69516-7D0C-4819-957D-1558031F2997}.Release|Any CPU.Build.0 = Release|Any CPU
		{64A69516-7D0C-4819-957D-1558031F2997}.Release|Mixed Platforms.ActiveCfg = Release|Any CPU
		{64A69516-7D0C-4819-957D-1558031F2997}.Release|Mixed Platforms.Build.0 = Release|Any CPU
		{64A69516-7D0C-4819-957D-1558031F2997}.Release|x86.ActiveCfg = Release|Any CPU
		{89339693-EE17-457B-9DBF-DA1699CDA433}.Debug|Any CPU.ActiveCfg = Debug|Any CPU
		{89339693-EE17-457B-9DBF-DA1699CDA433}.Debug|Any CPU.Build.0 = Debug|Any CPU
		{89339693-EE17-457B-9DBF-DA1699CDA433}.Debug|Mixed Platforms.ActiveCfg = Debug|Any CPU
		{89339693-EE17-457B-9DBF-DA1699CDA433}.Debug|Mixed Platforms.Build.0 = Debug|Any CPU
		{89339693-EE17-457B-9DBF-DA1699CDA433}.Debug|x86.ActiveCfg = Debug|Any CPU
		{89339693-EE17-457B-9DBF-DA1699CDA433}.Release|Any CPU.ActiveCfg = Release|Any CPU
		{89339693-EE17-457B-9DBF-DA1699CDA433}.Release|Any CPU.Build.0 = Release|Any CPU
		{89339693-EE17-457B-9DBF-DA1699CDA433}.Release|Mixed Platforms.ActiveCfg = Release|Any CPU
		{89339693-EE17-457B-9DBF-DA1699CDA433}.Release|Mixed Platforms.Build.0 = Release|Any CPU
		{89339693-EE17-457B-9DBF-DA1699CDA433}.Release|x86.ActiveCfg = Release|Any CPU
		{60768E20-B050-4D8A-839B-B7364C403121}.Debug|Any CPU.ActiveCfg = Debug|Any CPU
		{60768E20-B050-4D8A-839B-B7364C403121}.Debug|Any CPU.Build.0 = Debug|Any CPU
		{60768E20-B050-4D8A-839B-B7364C403121}.Debug|Mixed Platforms.ActiveCfg = Debug|Any CPU
		{60768E20-B050-4D8A-839B-B7364C403121}.Debug|Mixed Platforms.Build.0 = Debug|Any CPU
		{60768E20-B050-4D8A-839B-B7364C403121}.Debug|x86.ActiveCfg = Debug|Any CPU
		{60768E20-B050-4D8A-839B-B7364C403121}.Release|Any CPU.ActiveCfg = Release|Any CPU
		{60768E20-B050-4D8A-839B-B7364C403121}.Release|Any CPU.Build.0 = Release|Any CPU
		{60768E20-B050-4D8A-839B-B7364C403121}.Release|Mixed Platforms.ActiveCfg = Release|Any CPU
		{60768E20-B050-4D8A-839B-B7364C403121}.Release|Mixed Platforms.Build.0 = Release|Any CPU
		{60768E20-B050-4D8A-839B-B7364C403121}.Release|x86.ActiveCfg = Release|Any CPU
		{CB3E15F2-870D-4FE5-BD6B-EC00325513D4}.Debug|Any CPU.ActiveCfg = Debug|Any CPU
		{CB3E15F2-870D-4FE5-BD6B-EC00325513D4}.Debug|Any CPU.Build.0 = Debug|Any CPU
		{CB3E15F2-870D-4FE5-BD6B-EC00325513D4}.Debug|Mixed Platforms.ActiveCfg = Debug|Any CPU
		{CB3E15F2-870D-4FE5-BD6B-EC00325513D4}.Debug|Mixed Platforms.Build.0 = Debug|Any CPU
		{CB3E15F2-870D-4FE5-BD6B-EC00325513D4}.Debug|x86.ActiveCfg = Debug|Any CPU
		{CB3E15F2-870D-4FE5-BD6B-EC00325513D4}.Release|Any CPU.ActiveCfg = Release|Any CPU
		{CB3E15F2-870D-4FE5-BD6B-EC00325513D4}.Release|Any CPU.Build.0 = Release|Any CPU
		{CB3E15F2-870D-4FE5-BD6B-EC00325513D4}.Release|Mixed Platforms.ActiveCfg = Release|Any CPU
		{CB3E15F2-870D-4FE5-BD6B-EC00325513D4}.Release|Mixed Platforms.Build.0 = Release|Any CPU
		{CB3E15F2-870D-4FE5-BD6B-EC00325513D4}.Release|x86.ActiveCfg = Release|Any CPU
		{F2302060-16B5-41C6-B4DF-18A2CD927B05}.Debug|Any CPU.ActiveCfg = Debug|Any CPU
		{F2302060-16B5-41C6-B4DF-18A2CD927B05}.Debug|Any CPU.Build.0 = Debug|Any CPU
		{F2302060-16B5-41C6-B4DF-18A2CD927B05}.Debug|Mixed Platforms.ActiveCfg = Debug|Any CPU
		{F2302060-16B5-41C6-B4DF-18A2CD927B05}.Debug|Mixed Platforms.Build.0 = Debug|Any CPU
		{F2302060-16B5-41C6-B4DF-18A2CD927B05}.Debug|x86.ActiveCfg = Debug|Any CPU
		{F2302060-16B5-41C6-B4DF-18A2CD927B05}.Release|Any CPU.ActiveCfg = Release|Any CPU
		{F2302060-16B5-41C6-B4DF-18A2CD927B05}.Release|Any CPU.Build.0 = Release|Any CPU
		{F2302060-16B5-41C6-B4DF-18A2CD927B05}.Release|Mixed Platforms.ActiveCfg = Release|Any CPU
		{F2302060-16B5-41C6-B4DF-18A2CD927B05}.Release|Mixed Platforms.Build.0 = Release|Any CPU
		{F2302060-16B5-41C6-B4DF-18A2CD927B05}.Release|x86.ActiveCfg = Release|Any CPU
		{1ECA9B91-192D-4A74-9257-AD2E6EA684C2}.Debug|Any CPU.ActiveCfg = Debug|x86
		{1ECA9B91-192D-4A74-9257-AD2E6EA684C2}.Debug|Mixed Platforms.ActiveCfg = Debug|x86
		{1ECA9B91-192D-4A74-9257-AD2E6EA684C2}.Debug|Mixed Platforms.Build.0 = Debug|x86
		{1ECA9B91-192D-4A74-9257-AD2E6EA684C2}.Debug|x86.ActiveCfg = Debug|x86
		{1ECA9B91-192D-4A74-9257-AD2E6EA684C2}.Debug|x86.Build.0 = Debug|x86
		{1ECA9B91-192D-4A74-9257-AD2E6EA684C2}.Release|Any CPU.ActiveCfg = Release|x86
		{1ECA9B91-192D-4A74-9257-AD2E6EA684C2}.Release|Mixed Platforms.ActiveCfg = Release|x86
		{1ECA9B91-192D-4A74-9257-AD2E6EA684C2}.Release|Mixed Platforms.Build.0 = Release|x86
		{1ECA9B91-192D-4A74-9257-AD2E6EA684C2}.Release|x86.ActiveCfg = Release|x86
		{1ECA9B91-192D-4A74-9257-AD2E6EA684C2}.Release|x86.Build.0 = Release|x86
		{0A4685FF-19D1-429B-BD39-C5D032ACD0E9}.Debug|Any CPU.ActiveCfg = Debug|Any CPU
		{0A4685FF-19D1-429B-BD39-C5D032ACD0E9}.Debug|Any CPU.Build.0 = Debug|Any CPU
		{0A4685FF-19D1-429B-BD39-C5D032ACD0E9}.Debug|Mixed Platforms.ActiveCfg = Debug|Any CPU
		{0A4685FF-19D1-429B-BD39-C5D032ACD0E9}.Debug|Mixed Platforms.Build.0 = Debug|Any CPU
		{0A4685FF-19D1-429B-BD39-C5D032ACD0E9}.Debug|x86.ActiveCfg = Debug|Any CPU
		{0A4685FF-19D1-429B-BD39-C5D032ACD0E9}.Release|Any CPU.ActiveCfg = Release|Any CPU
		{0A4685FF-19D1-429B-BD39-C5D032ACD0E9}.Release|Any CPU.Build.0 = Release|Any CPU
		{0A4685FF-19D1-429B-BD39-C5D032ACD0E9}.Release|Mixed Platforms.ActiveCfg = Release|Any CPU
		{0A4685FF-19D1-429B-BD39-C5D032ACD0E9}.Release|Mixed Platforms.Build.0 = Release|Any CPU
		{0A4685FF-19D1-429B-BD39-C5D032ACD0E9}.Release|x86.ActiveCfg = Release|Any CPU
		{44A95372-717B-4758-BFA5-329023F97E59}.Debug|Any CPU.ActiveCfg = Debug|Any CPU
		{44A95372-717B-4758-BFA5-329023F97E59}.Debug|Any CPU.Build.0 = Debug|Any CPU
		{44A95372-717B-4758-BFA5-329023F97E59}.Debug|Mixed Platforms.ActiveCfg = Debug|Any CPU
		{44A95372-717B-4758-BFA5-329023F97E59}.Debug|Mixed Platforms.Build.0 = Debug|Any CPU
		{44A95372-717B-4758-BFA5-329023F97E59}.Debug|x86.ActiveCfg = Debug|Any CPU
		{44A95372-717B-4758-BFA5-329023F97E59}.Release|Any CPU.ActiveCfg = Release|Any CPU
		{44A95372-717B-4758-BFA5-329023F97E59}.Release|Any CPU.Build.0 = Release|Any CPU
		{44A95372-717B-4758-BFA5-329023F97E59}.Release|Mixed Platforms.ActiveCfg = Release|Any CPU
		{44A95372-717B-4758-BFA5-329023F97E59}.Release|Mixed Platforms.Build.0 = Release|Any CPU
		{44A95372-717B-4758-BFA5-329023F97E59}.Release|x86.ActiveCfg = Release|Any CPU
		{3792106F-E09D-42B8-B1C0-5B5E18DCC0C4}.Debug|Any CPU.ActiveCfg = Debug|Any CPU
		{3792106F-E09D-42B8-B1C0-5B5E18DCC0C4}.Debug|Any CPU.Build.0 = Debug|Any CPU
		{3792106F-E09D-42B8-B1C0-5B5E18DCC0C4}.Debug|Mixed Platforms.ActiveCfg = Debug|Any CPU
		{3792106F-E09D-42B8-B1C0-5B5E18DCC0C4}.Debug|Mixed Platforms.Build.0 = Debug|Any CPU
		{3792106F-E09D-42B8-B1C0-5B5E18DCC0C4}.Debug|x86.ActiveCfg = Debug|Any CPU
		{3792106F-E09D-42B8-B1C0-5B5E18DCC0C4}.Release|Any CPU.ActiveCfg = Release|Any CPU
		{3792106F-E09D-42B8-B1C0-5B5E18DCC0C4}.Release|Any CPU.Build.0 = Release|Any CPU
		{3792106F-E09D-42B8-B1C0-5B5E18DCC0C4}.Release|Mixed Platforms.ActiveCfg = Release|Any CPU
		{3792106F-E09D-42B8-B1C0-5B5E18DCC0C4}.Release|Mixed Platforms.Build.0 = Release|Any CPU
		{3792106F-E09D-42B8-B1C0-5B5E18DCC0C4}.Release|x86.ActiveCfg = Release|Any CPU
		{2B25DE39-5627-465E-B8F4-016F9EDDF360}.Debug|Any CPU.ActiveCfg = Debug|Any CPU
		{2B25DE39-5627-465E-B8F4-016F9EDDF360}.Debug|Any CPU.Build.0 = Debug|Any CPU
		{2B25DE39-5627-465E-B8F4-016F9EDDF360}.Debug|Mixed Platforms.ActiveCfg = Debug|Any CPU
		{2B25DE39-5627-465E-B8F4-016F9EDDF360}.Debug|Mixed Platforms.Build.0 = Debug|Any CPU
		{2B25DE39-5627-465E-B8F4-016F9EDDF360}.Debug|x86.ActiveCfg = Debug|Any CPU
		{2B25DE39-5627-465E-B8F4-016F9EDDF360}.Release|Any CPU.ActiveCfg = Release|Any CPU
		{2B25DE39-5627-465E-B8F4-016F9EDDF360}.Release|Any CPU.Build.0 = Release|Any CPU
		{2B25DE39-5627-465E-B8F4-016F9EDDF360}.Release|Mixed Platforms.ActiveCfg = Release|Any CPU
		{2B25DE39-5627-465E-B8F4-016F9EDDF360}.Release|Mixed Platforms.Build.0 = Release|Any CPU
		{2B25DE39-5627-465E-B8F4-016F9EDDF360}.Release|x86.ActiveCfg = Release|Any CPU
		{5BDB396E-0C3E-426B-A929-D49BB5792BFE}.Debug|Any CPU.ActiveCfg = Debug|Any CPU
		{5BDB396E-0C3E-426B-A929-D49BB5792BFE}.Debug|Any CPU.Build.0 = Debug|Any CPU
		{5BDB396E-0C3E-426B-A929-D49BB5792BFE}.Debug|Mixed Platforms.ActiveCfg = Debug|Any CPU
		{5BDB396E-0C3E-426B-A929-D49BB5792BFE}.Debug|Mixed Platforms.Build.0 = Debug|Any CPU
		{5BDB396E-0C3E-426B-A929-D49BB5792BFE}.Debug|x86.ActiveCfg = Debug|Any CPU
		{5BDB396E-0C3E-426B-A929-D49BB5792BFE}.Release|Any CPU.ActiveCfg = Release|Any CPU
		{5BDB396E-0C3E-426B-A929-D49BB5792BFE}.Release|Any CPU.Build.0 = Release|Any CPU
		{5BDB396E-0C3E-426B-A929-D49BB5792BFE}.Release|Mixed Platforms.ActiveCfg = Release|Any CPU
		{5BDB396E-0C3E-426B-A929-D49BB5792BFE}.Release|Mixed Platforms.Build.0 = Release|Any CPU
		{5BDB396E-0C3E-426B-A929-D49BB5792BFE}.Release|x86.ActiveCfg = Release|Any CPU
		{244CC7C5-0498-4544-B01E-9C718F20E968}.Debug|Any CPU.ActiveCfg = Debug|Any CPU
		{244CC7C5-0498-4544-B01E-9C718F20E968}.Debug|Any CPU.Build.0 = Debug|Any CPU
		{244CC7C5-0498-4544-B01E-9C718F20E968}.Debug|Mixed Platforms.ActiveCfg = Debug|Any CPU
		{244CC7C5-0498-4544-B01E-9C718F20E968}.Debug|Mixed Platforms.Build.0 = Debug|Any CPU
		{244CC7C5-0498-4544-B01E-9C718F20E968}.Debug|x86.ActiveCfg = Debug|Any CPU
		{244CC7C5-0498-4544-B01E-9C718F20E968}.Release|Any CPU.ActiveCfg = Release|Any CPU
		{244CC7C5-0498-4544-B01E-9C718F20E968}.Release|Any CPU.Build.0 = Release|Any CPU
		{244CC7C5-0498-4544-B01E-9C718F20E968}.Release|Mixed Platforms.ActiveCfg = Release|Any CPU
		{244CC7C5-0498-4544-B01E-9C718F20E968}.Release|Mixed Platforms.Build.0 = Release|Any CPU
		{244CC7C5-0498-4544-B01E-9C718F20E968}.Release|x86.ActiveCfg = Release|Any CPU
		{A0057A85-D172-457E-8A83-6CC6145A02AF}.Debug|Any CPU.ActiveCfg = Debug|Any CPU
		{A0057A85-D172-457E-8A83-6CC6145A02AF}.Debug|Any CPU.Build.0 = Debug|Any CPU
		{A0057A85-D172-457E-8A83-6CC6145A02AF}.Debug|Mixed Platforms.ActiveCfg = Debug|Any CPU
		{A0057A85-D172-457E-8A83-6CC6145A02AF}.Debug|Mixed Platforms.Build.0 = Debug|Any CPU
		{A0057A85-D172-457E-8A83-6CC6145A02AF}.Debug|x86.ActiveCfg = Debug|Any CPU
		{A0057A85-D172-457E-8A83-6CC6145A02AF}.Release|Any CPU.ActiveCfg = Release|Any CPU
		{A0057A85-D172-457E-8A83-6CC6145A02AF}.Release|Any CPU.Build.0 = Release|Any CPU
		{A0057A85-D172-457E-8A83-6CC6145A02AF}.Release|Mixed Platforms.ActiveCfg = Release|Any CPU
		{A0057A85-D172-457E-8A83-6CC6145A02AF}.Release|Mixed Platforms.Build.0 = Release|Any CPU
		{A0057A85-D172-457E-8A83-6CC6145A02AF}.Release|x86.ActiveCfg = Release|Any CPU
		{679614EC-6CF3-4D8E-A0E5-459B8622C04A}.Debug|Any CPU.ActiveCfg = Debug|Any CPU
		{679614EC-6CF3-4D8E-A0E5-459B8622C04A}.Debug|Any CPU.Build.0 = Debug|Any CPU
		{679614EC-6CF3-4D8E-A0E5-459B8622C04A}.Debug|Mixed Platforms.ActiveCfg = Debug|Any CPU
		{679614EC-6CF3-4D8E-A0E5-459B8622C04A}.Debug|Mixed Platforms.Build.0 = Debug|Any CPU
		{679614EC-6CF3-4D8E-A0E5-459B8622C04A}.Debug|x86.ActiveCfg = Debug|Any CPU
		{679614EC-6CF3-4D8E-A0E5-459B8622C04A}.Release|Any CPU.ActiveCfg = Release|Any CPU
		{679614EC-6CF3-4D8E-A0E5-459B8622C04A}.Release|Any CPU.Build.0 = Release|Any CPU
		{679614EC-6CF3-4D8E-A0E5-459B8622C04A}.Release|Mixed Platforms.ActiveCfg = Release|Any CPU
		{679614EC-6CF3-4D8E-A0E5-459B8622C04A}.Release|Mixed Platforms.Build.0 = Release|Any CPU
		{679614EC-6CF3-4D8E-A0E5-459B8622C04A}.Release|x86.ActiveCfg = Release|Any CPU
		{EA538080-8405-4FF3-89A8-ECBBD5D1D59C}.Debug|Any CPU.ActiveCfg = Debug|Any CPU
		{EA538080-8405-4FF3-89A8-ECBBD5D1D59C}.Debug|Any CPU.Build.0 = Debug|Any CPU
		{EA538080-8405-4FF3-89A8-ECBBD5D1D59C}.Debug|Mixed Platforms.ActiveCfg = Debug|Any CPU
		{EA538080-8405-4FF3-89A8-ECBBD5D1D59C}.Debug|Mixed Platforms.Build.0 = Debug|Any CPU
		{EA538080-8405-4FF3-89A8-ECBBD5D1D59C}.Debug|x86.ActiveCfg = Debug|Any CPU
		{EA538080-8405-4FF3-89A8-ECBBD5D1D59C}.Release|Any CPU.ActiveCfg = Release|Any CPU
		{EA538080-8405-4FF3-89A8-ECBBD5D1D59C}.Release|Any CPU.Build.0 = Release|Any CPU
		{EA538080-8405-4FF3-89A8-ECBBD5D1D59C}.Release|Mixed Platforms.ActiveCfg = Release|Any CPU
		{EA538080-8405-4FF3-89A8-ECBBD5D1D59C}.Release|Mixed Platforms.Build.0 = Release|Any CPU
		{EA538080-8405-4FF3-89A8-ECBBD5D1D59C}.Release|x86.ActiveCfg = Release|Any CPU
		{1D52D28D-B69C-409A-A309-D62E82D56A73}.Debug|Any CPU.ActiveCfg = Debug|Any CPU
		{1D52D28D-B69C-409A-A309-D62E82D56A73}.Debug|Any CPU.Build.0 = Debug|Any CPU
		{1D52D28D-B69C-409A-A309-D62E82D56A73}.Debug|Mixed Platforms.ActiveCfg = Debug|Any CPU
		{1D52D28D-B69C-409A-A309-D62E82D56A73}.Debug|Mixed Platforms.Build.0 = Debug|Any CPU
		{1D52D28D-B69C-409A-A309-D62E82D56A73}.Debug|x86.ActiveCfg = Debug|Any CPU
		{1D52D28D-B69C-409A-A309-D62E82D56A73}.Release|Any CPU.ActiveCfg = Release|Any CPU
		{1D52D28D-B69C-409A-A309-D62E82D56A73}.Release|Any CPU.Build.0 = Release|Any CPU
		{1D52D28D-B69C-409A-A309-D62E82D56A73}.Release|Mixed Platforms.ActiveCfg = Release|Any CPU
		{1D52D28D-B69C-409A-A309-D62E82D56A73}.Release|Mixed Platforms.Build.0 = Release|Any CPU
		{1D52D28D-B69C-409A-A309-D62E82D56A73}.Release|x86.ActiveCfg = Release|Any CPU
		{E715B859-ABDF-46CA-92EA-18F010ABB642}.Debug|Any CPU.ActiveCfg = Debug|Any CPU
		{E715B859-ABDF-46CA-92EA-18F010ABB642}.Debug|Any CPU.Build.0 = Debug|Any CPU
		{E715B859-ABDF-46CA-92EA-18F010ABB642}.Debug|Mixed Platforms.ActiveCfg = Debug|Any CPU
		{E715B859-ABDF-46CA-92EA-18F010ABB642}.Debug|Mixed Platforms.Build.0 = Debug|Any CPU
		{E715B859-ABDF-46CA-92EA-18F010ABB642}.Debug|x86.ActiveCfg = Debug|Any CPU
		{E715B859-ABDF-46CA-92EA-18F010ABB642}.Release|Any CPU.ActiveCfg = Release|Any CPU
		{E715B859-ABDF-46CA-92EA-18F010ABB642}.Release|Any CPU.Build.0 = Release|Any CPU
		{E715B859-ABDF-46CA-92EA-18F010ABB642}.Release|Mixed Platforms.ActiveCfg = Release|Any CPU
		{E715B859-ABDF-46CA-92EA-18F010ABB642}.Release|Mixed Platforms.Build.0 = Release|Any CPU
		{E715B859-ABDF-46CA-92EA-18F010ABB642}.Release|x86.ActiveCfg = Release|Any CPU
		{3F4EAE83-101F-4CBF-83FE-812A8461FB9B}.Debug|Any CPU.ActiveCfg = Debug|Any CPU
		{3F4EAE83-101F-4CBF-83FE-812A8461FB9B}.Debug|Any CPU.Build.0 = Debug|Any CPU
		{3F4EAE83-101F-4CBF-83FE-812A8461FB9B}.Debug|Mixed Platforms.ActiveCfg = Debug|Any CPU
		{3F4EAE83-101F-4CBF-83FE-812A8461FB9B}.Debug|Mixed Platforms.Build.0 = Debug|Any CPU
		{3F4EAE83-101F-4CBF-83FE-812A8461FB9B}.Debug|x86.ActiveCfg = Debug|Any CPU
		{3F4EAE83-101F-4CBF-83FE-812A8461FB9B}.Release|Any CPU.ActiveCfg = Release|Any CPU
		{3F4EAE83-101F-4CBF-83FE-812A8461FB9B}.Release|Any CPU.Build.0 = Release|Any CPU
		{3F4EAE83-101F-4CBF-83FE-812A8461FB9B}.Release|Mixed Platforms.ActiveCfg = Release|Any CPU
		{3F4EAE83-101F-4CBF-83FE-812A8461FB9B}.Release|Mixed Platforms.Build.0 = Release|Any CPU
		{3F4EAE83-101F-4CBF-83FE-812A8461FB9B}.Release|x86.ActiveCfg = Release|Any CPU
		{1550717C-4AD3-418D-BE65-C5912AA58237}.Debug|Any CPU.ActiveCfg = Debug|Any CPU
		{1550717C-4AD3-418D-BE65-C5912AA58237}.Debug|Any CPU.Build.0 = Debug|Any CPU
		{1550717C-4AD3-418D-BE65-C5912AA58237}.Debug|Mixed Platforms.ActiveCfg = Debug|Any CPU
		{1550717C-4AD3-418D-BE65-C5912AA58237}.Debug|Mixed Platforms.Build.0 = Debug|Any CPU
		{1550717C-4AD3-418D-BE65-C5912AA58237}.Debug|x86.ActiveCfg = Debug|Any CPU
		{1550717C-4AD3-418D-BE65-C5912AA58237}.Release|Any CPU.ActiveCfg = Release|Any CPU
		{1550717C-4AD3-418D-BE65-C5912AA58237}.Release|Any CPU.Build.0 = Release|Any CPU
		{1550717C-4AD3-418D-BE65-C5912AA58237}.Release|Mixed Platforms.ActiveCfg = Release|Any CPU
		{1550717C-4AD3-418D-BE65-C5912AA58237}.Release|Mixed Platforms.Build.0 = Release|Any CPU
		{1550717C-4AD3-418D-BE65-C5912AA58237}.Release|x86.ActiveCfg = Release|Any CPU
		{C4E51F6B-8DEA-43B4-90E2-24E818B099E1}.Debug|Any CPU.ActiveCfg = Debug|Any CPU
		{C4E51F6B-8DEA-43B4-90E2-24E818B099E1}.Debug|Any CPU.Build.0 = Debug|Any CPU
		{C4E51F6B-8DEA-43B4-90E2-24E818B099E1}.Debug|Mixed Platforms.ActiveCfg = Debug|Any CPU
		{C4E51F6B-8DEA-43B4-90E2-24E818B099E1}.Debug|Mixed Platforms.Build.0 = Debug|Any CPU
		{C4E51F6B-8DEA-43B4-90E2-24E818B099E1}.Debug|x86.ActiveCfg = Debug|Any CPU
		{C4E51F6B-8DEA-43B4-90E2-24E818B099E1}.Release|Any CPU.ActiveCfg = Release|Any CPU
		{C4E51F6B-8DEA-43B4-90E2-24E818B099E1}.Release|Any CPU.Build.0 = Release|Any CPU
		{C4E51F6B-8DEA-43B4-90E2-24E818B099E1}.Release|Mixed Platforms.ActiveCfg = Release|Any CPU
		{C4E51F6B-8DEA-43B4-90E2-24E818B099E1}.Release|Mixed Platforms.Build.0 = Release|Any CPU
		{C4E51F6B-8DEA-43B4-90E2-24E818B099E1}.Release|x86.ActiveCfg = Release|Any CPU
		{6E9BA46D-F57B-4D51-A3BA-458DA74C4040}.Debug|Any CPU.ActiveCfg = Debug|Any CPU
		{6E9BA46D-F57B-4D51-A3BA-458DA74C4040}.Debug|Any CPU.Build.0 = Debug|Any CPU
		{6E9BA46D-F57B-4D51-A3BA-458DA74C4040}.Debug|Mixed Platforms.ActiveCfg = Debug|Any CPU
		{6E9BA46D-F57B-4D51-A3BA-458DA74C4040}.Debug|Mixed Platforms.Build.0 = Debug|Any CPU
		{6E9BA46D-F57B-4D51-A3BA-458DA74C4040}.Debug|x86.ActiveCfg = Debug|Any CPU
		{6E9BA46D-F57B-4D51-A3BA-458DA74C4040}.Release|Any CPU.ActiveCfg = Release|Any CPU
		{6E9BA46D-F57B-4D51-A3BA-458DA74C4040}.Release|Any CPU.Build.0 = Release|Any CPU
		{6E9BA46D-F57B-4D51-A3BA-458DA74C4040}.Release|Mixed Platforms.ActiveCfg = Release|Any CPU
		{6E9BA46D-F57B-4D51-A3BA-458DA74C4040}.Release|Mixed Platforms.Build.0 = Release|Any CPU
		{6E9BA46D-F57B-4D51-A3BA-458DA74C4040}.Release|x86.ActiveCfg = Release|Any CPU
		{BA3BBA48-6DB2-4969-BACB-6AB70C218F10}.Debug|Any CPU.ActiveCfg = Debug|Any CPU
		{BA3BBA48-6DB2-4969-BACB-6AB70C218F10}.Debug|Any CPU.Build.0 = Debug|Any CPU
		{BA3BBA48-6DB2-4969-BACB-6AB70C218F10}.Debug|Mixed Platforms.ActiveCfg = Debug|Any CPU
		{BA3BBA48-6DB2-4969-BACB-6AB70C218F10}.Debug|Mixed Platforms.Build.0 = Debug|Any CPU
		{BA3BBA48-6DB2-4969-BACB-6AB70C218F10}.Debug|x86.ActiveCfg = Debug|Any CPU
		{BA3BBA48-6DB2-4969-BACB-6AB70C218F10}.Release|Any CPU.ActiveCfg = Release|Any CPU
		{BA3BBA48-6DB2-4969-BACB-6AB70C218F10}.Release|Any CPU.Build.0 = Release|Any CPU
		{BA3BBA48-6DB2-4969-BACB-6AB70C218F10}.Release|Mixed Platforms.ActiveCfg = Release|Any CPU
		{BA3BBA48-6DB2-4969-BACB-6AB70C218F10}.Release|Mixed Platforms.Build.0 = Release|Any CPU
		{BA3BBA48-6DB2-4969-BACB-6AB70C218F10}.Release|x86.ActiveCfg = Release|Any CPU
		{4DEF010E-FDA4-46BC-85B7-1F80BA819F46}.Debug|Any CPU.ActiveCfg = Debug|Any CPU
		{4DEF010E-FDA4-46BC-85B7-1F80BA819F46}.Debug|Any CPU.Build.0 = Debug|Any CPU
		{4DEF010E-FDA4-46BC-85B7-1F80BA819F46}.Debug|Mixed Platforms.ActiveCfg = Debug|Any CPU
		{4DEF010E-FDA4-46BC-85B7-1F80BA819F46}.Debug|Mixed Platforms.Build.0 = Debug|Any CPU
		{4DEF010E-FDA4-46BC-85B7-1F80BA819F46}.Debug|x86.ActiveCfg = Debug|Any CPU
		{4DEF010E-FDA4-46BC-85B7-1F80BA819F46}.Release|Any CPU.ActiveCfg = Release|Any CPU
		{4DEF010E-FDA4-46BC-85B7-1F80BA819F46}.Release|Any CPU.Build.0 = Release|Any CPU
		{4DEF010E-FDA4-46BC-85B7-1F80BA819F46}.Release|Mixed Platforms.ActiveCfg = Release|Any CPU
		{4DEF010E-FDA4-46BC-85B7-1F80BA819F46}.Release|Mixed Platforms.Build.0 = Release|Any CPU
		{4DEF010E-FDA4-46BC-85B7-1F80BA819F46}.Release|x86.ActiveCfg = Release|Any CPU
		{3794DF5E-6270-41FB-81D7-028FC3A446B3}.Debug|Any CPU.ActiveCfg = Debug|Any CPU
		{3794DF5E-6270-41FB-81D7-028FC3A446B3}.Debug|Any CPU.Build.0 = Debug|Any CPU
		{3794DF5E-6270-41FB-81D7-028FC3A446B3}.Debug|Mixed Platforms.ActiveCfg = Debug|Any CPU
		{3794DF5E-6270-41FB-81D7-028FC3A446B3}.Debug|Mixed Platforms.Build.0 = Debug|Any CPU
		{3794DF5E-6270-41FB-81D7-028FC3A446B3}.Debug|x86.ActiveCfg = Debug|Any CPU
		{3794DF5E-6270-41FB-81D7-028FC3A446B3}.Release|Any CPU.ActiveCfg = Release|Any CPU
		{3794DF5E-6270-41FB-81D7-028FC3A446B3}.Release|Any CPU.Build.0 = Release|Any CPU
		{3794DF5E-6270-41FB-81D7-028FC3A446B3}.Release|Mixed Platforms.ActiveCfg = Release|Any CPU
		{3794DF5E-6270-41FB-81D7-028FC3A446B3}.Release|Mixed Platforms.Build.0 = Release|Any CPU
		{3794DF5E-6270-41FB-81D7-028FC3A446B3}.Release|x86.ActiveCfg = Release|Any CPU
		{B0A2BE61-F077-47DD-82AA-8401CF32DC75}.Debug|Any CPU.ActiveCfg = Debug|Any CPU
		{B0A2BE61-F077-47DD-82AA-8401CF32DC75}.Debug|Any CPU.Build.0 = Debug|Any CPU
		{B0A2BE61-F077-47DD-82AA-8401CF32DC75}.Debug|Mixed Platforms.ActiveCfg = Debug|Any CPU
		{B0A2BE61-F077-47DD-82AA-8401CF32DC75}.Debug|Mixed Platforms.Build.0 = Debug|Any CPU
		{B0A2BE61-F077-47DD-82AA-8401CF32DC75}.Debug|x86.ActiveCfg = Debug|Any CPU
		{B0A2BE61-F077-47DD-82AA-8401CF32DC75}.Release|Any CPU.ActiveCfg = Release|Any CPU
		{B0A2BE61-F077-47DD-82AA-8401CF32DC75}.Release|Any CPU.Build.0 = Release|Any CPU
		{B0A2BE61-F077-47DD-82AA-8401CF32DC75}.Release|Mixed Platforms.ActiveCfg = Release|Any CPU
		{B0A2BE61-F077-47DD-82AA-8401CF32DC75}.Release|Mixed Platforms.Build.0 = Release|Any CPU
		{B0A2BE61-F077-47DD-82AA-8401CF32DC75}.Release|x86.ActiveCfg = Release|Any CPU
		{A6B913CC-00F4-4F62-9A8C-CF511F0FF07F}.Debug|Any CPU.ActiveCfg = Debug|Any CPU
		{A6B913CC-00F4-4F62-9A8C-CF511F0FF07F}.Debug|Any CPU.Build.0 = Debug|Any CPU
		{A6B913CC-00F4-4F62-9A8C-CF511F0FF07F}.Debug|Mixed Platforms.ActiveCfg = Debug|Any CPU
		{A6B913CC-00F4-4F62-9A8C-CF511F0FF07F}.Debug|Mixed Platforms.Build.0 = Debug|Any CPU
		{A6B913CC-00F4-4F62-9A8C-CF511F0FF07F}.Debug|x86.ActiveCfg = Debug|Any CPU
		{A6B913CC-00F4-4F62-9A8C-CF511F0FF07F}.Release|Any CPU.ActiveCfg = Release|Any CPU
		{A6B913CC-00F4-4F62-9A8C-CF511F0FF07F}.Release|Any CPU.Build.0 = Release|Any CPU
		{A6B913CC-00F4-4F62-9A8C-CF511F0FF07F}.Release|Mixed Platforms.ActiveCfg = Release|Any CPU
		{A6B913CC-00F4-4F62-9A8C-CF511F0FF07F}.Release|Mixed Platforms.Build.0 = Release|Any CPU
		{A6B913CC-00F4-4F62-9A8C-CF511F0FF07F}.Release|x86.ActiveCfg = Release|Any CPU
		{B533EA33-EFCD-479B-A134-D9A701ED6033}.Debug|Any CPU.ActiveCfg = Debug|Any CPU
		{B533EA33-EFCD-479B-A134-D9A701ED6033}.Debug|Any CPU.Build.0 = Debug|Any CPU
		{B533EA33-EFCD-479B-A134-D9A701ED6033}.Debug|Mixed Platforms.ActiveCfg = Debug|Any CPU
		{B533EA33-EFCD-479B-A134-D9A701ED6033}.Debug|Mixed Platforms.Build.0 = Debug|Any CPU
		{B533EA33-EFCD-479B-A134-D9A701ED6033}.Debug|x86.ActiveCfg = Debug|Any CPU
		{B533EA33-EFCD-479B-A134-D9A701ED6033}.Release|Any CPU.ActiveCfg = Release|Any CPU
		{B533EA33-EFCD-479B-A134-D9A701ED6033}.Release|Any CPU.Build.0 = Release|Any CPU
		{B533EA33-EFCD-479B-A134-D9A701ED6033}.Release|Mixed Platforms.ActiveCfg = Release|Any CPU
		{B533EA33-EFCD-479B-A134-D9A701ED6033}.Release|Mixed Platforms.Build.0 = Release|Any CPU
		{B533EA33-EFCD-479B-A134-D9A701ED6033}.Release|x86.ActiveCfg = Release|Any CPU
		{E027EDA2-A813-43A4-BC01-25C23B304200}.Debug|Any CPU.ActiveCfg = Debug|Any CPU
		{E027EDA2-A813-43A4-BC01-25C23B304200}.Debug|Any CPU.Build.0 = Debug|Any CPU
		{E027EDA2-A813-43A4-BC01-25C23B304200}.Debug|Mixed Platforms.ActiveCfg = Debug|Any CPU
		{E027EDA2-A813-43A4-BC01-25C23B304200}.Debug|Mixed Platforms.Build.0 = Debug|Any CPU
		{E027EDA2-A813-43A4-BC01-25C23B304200}.Debug|x86.ActiveCfg = Debug|Any CPU
		{E027EDA2-A813-43A4-BC01-25C23B304200}.Release|Any CPU.ActiveCfg = Release|Any CPU
		{E027EDA2-A813-43A4-BC01-25C23B304200}.Release|Any CPU.Build.0 = Release|Any CPU
		{E027EDA2-A813-43A4-BC01-25C23B304200}.Release|Mixed Platforms.ActiveCfg = Release|Any CPU
		{E027EDA2-A813-43A4-BC01-25C23B304200}.Release|Mixed Platforms.Build.0 = Release|Any CPU
		{E027EDA2-A813-43A4-BC01-25C23B304200}.Release|x86.ActiveCfg = Release|Any CPU
		{97C71A9E-6E62-4735-9218-D120B2B5E1E5}.Debug|Any CPU.ActiveCfg = Debug|Any CPU
		{97C71A9E-6E62-4735-9218-D120B2B5E1E5}.Debug|Any CPU.Build.0 = Debug|Any CPU
		{97C71A9E-6E62-4735-9218-D120B2B5E1E5}.Debug|Mixed Platforms.ActiveCfg = Debug|Any CPU
		{97C71A9E-6E62-4735-9218-D120B2B5E1E5}.Debug|Mixed Platforms.Build.0 = Debug|Any CPU
		{97C71A9E-6E62-4735-9218-D120B2B5E1E5}.Debug|x86.ActiveCfg = Debug|Any CPU
		{97C71A9E-6E62-4735-9218-D120B2B5E1E5}.Release|Any CPU.ActiveCfg = Release|Any CPU
		{97C71A9E-6E62-4735-9218-D120B2B5E1E5}.Release|Any CPU.Build.0 = Release|Any CPU
		{97C71A9E-6E62-4735-9218-D120B2B5E1E5}.Release|Mixed Platforms.ActiveCfg = Release|Any CPU
		{97C71A9E-6E62-4735-9218-D120B2B5E1E5}.Release|Mixed Platforms.Build.0 = Release|Any CPU
		{97C71A9E-6E62-4735-9218-D120B2B5E1E5}.Release|x86.ActiveCfg = Release|Any CPU
		{A4452EF0-D4D2-4A6D-93BE-4DA15F959B9A}.Debug|Any CPU.ActiveCfg = Debug|Any CPU
		{A4452EF0-D4D2-4A6D-93BE-4DA15F959B9A}.Debug|Any CPU.Build.0 = Debug|Any CPU
		{A4452EF0-D4D2-4A6D-93BE-4DA15F959B9A}.Debug|Mixed Platforms.ActiveCfg = Debug|Any CPU
		{A4452EF0-D4D2-4A6D-93BE-4DA15F959B9A}.Debug|Mixed Platforms.Build.0 = Debug|Any CPU
		{A4452EF0-D4D2-4A6D-93BE-4DA15F959B9A}.Debug|x86.ActiveCfg = Debug|Any CPU
		{A4452EF0-D4D2-4A6D-93BE-4DA15F959B9A}.Release|Any CPU.ActiveCfg = Release|Any CPU
		{A4452EF0-D4D2-4A6D-93BE-4DA15F959B9A}.Release|Any CPU.Build.0 = Release|Any CPU
		{A4452EF0-D4D2-4A6D-93BE-4DA15F959B9A}.Release|Mixed Platforms.ActiveCfg = Release|Any CPU
		{A4452EF0-D4D2-4A6D-93BE-4DA15F959B9A}.Release|Mixed Platforms.Build.0 = Release|Any CPU
		{A4452EF0-D4D2-4A6D-93BE-4DA15F959B9A}.Release|x86.ActiveCfg = Release|Any CPU
		{B1CF5FD9-4F8C-4ACD-959E-30481367733E}.Debug|Any CPU.ActiveCfg = Debug|Any CPU
		{B1CF5FD9-4F8C-4ACD-959E-30481367733E}.Debug|Any CPU.Build.0 = Debug|Any CPU
		{B1CF5FD9-4F8C-4ACD-959E-30481367733E}.Debug|Mixed Platforms.ActiveCfg = Debug|Any CPU
		{B1CF5FD9-4F8C-4ACD-959E-30481367733E}.Debug|Mixed Platforms.Build.0 = Debug|Any CPU
		{B1CF5FD9-4F8C-4ACD-959E-30481367733E}.Debug|x86.ActiveCfg = Debug|Any CPU
		{B1CF5FD9-4F8C-4ACD-959E-30481367733E}.Release|Any CPU.ActiveCfg = Release|Any CPU
		{B1CF5FD9-4F8C-4ACD-959E-30481367733E}.Release|Any CPU.Build.0 = Release|Any CPU
		{B1CF5FD9-4F8C-4ACD-959E-30481367733E}.Release|Mixed Platforms.ActiveCfg = Release|Any CPU
		{B1CF5FD9-4F8C-4ACD-959E-30481367733E}.Release|Mixed Platforms.Build.0 = Release|Any CPU
		{B1CF5FD9-4F8C-4ACD-959E-30481367733E}.Release|x86.ActiveCfg = Release|Any CPU
		{D6B1FABC-2148-402E-99BA-11A84CD6B872}.Debug|Any CPU.ActiveCfg = Debug|Any CPU
		{D6B1FABC-2148-402E-99BA-11A84CD6B872}.Debug|Any CPU.Build.0 = Debug|Any CPU
		{D6B1FABC-2148-402E-99BA-11A84CD6B872}.Debug|Mixed Platforms.ActiveCfg = Debug|Any CPU
		{D6B1FABC-2148-402E-99BA-11A84CD6B872}.Debug|Mixed Platforms.Build.0 = Debug|Any CPU
		{D6B1FABC-2148-402E-99BA-11A84CD6B872}.Debug|x86.ActiveCfg = Debug|Any CPU
		{D6B1FABC-2148-402E-99BA-11A84CD6B872}.Release|Any CPU.ActiveCfg = Release|Any CPU
		{D6B1FABC-2148-402E-99BA-11A84CD6B872}.Release|Any CPU.Build.0 = Release|Any CPU
		{D6B1FABC-2148-402E-99BA-11A84CD6B872}.Release|Mixed Platforms.ActiveCfg = Release|Any CPU
		{D6B1FABC-2148-402E-99BA-11A84CD6B872}.Release|Mixed Platforms.Build.0 = Release|Any CPU
		{D6B1FABC-2148-402E-99BA-11A84CD6B872}.Release|x86.ActiveCfg = Release|Any CPU
		{E6978796-88C5-44FD-AFBA-88C8248ADF46}.Debug|Any CPU.ActiveCfg = Debug|Any CPU
		{E6978796-88C5-44FD-AFBA-88C8248ADF46}.Debug|Any CPU.Build.0 = Debug|Any CPU
		{E6978796-88C5-44FD-AFBA-88C8248ADF46}.Debug|Mixed Platforms.ActiveCfg = Debug|Any CPU
		{E6978796-88C5-44FD-AFBA-88C8248ADF46}.Debug|Mixed Platforms.Build.0 = Debug|Any CPU
		{E6978796-88C5-44FD-AFBA-88C8248ADF46}.Debug|x86.ActiveCfg = Debug|Any CPU
		{E6978796-88C5-44FD-AFBA-88C8248ADF46}.Release|Any CPU.ActiveCfg = Release|Any CPU
		{E6978796-88C5-44FD-AFBA-88C8248ADF46}.Release|Any CPU.Build.0 = Release|Any CPU
		{E6978796-88C5-44FD-AFBA-88C8248ADF46}.Release|Mixed Platforms.ActiveCfg = Release|Any CPU
		{E6978796-88C5-44FD-AFBA-88C8248ADF46}.Release|Mixed Platforms.Build.0 = Release|Any CPU
		{E6978796-88C5-44FD-AFBA-88C8248ADF46}.Release|x86.ActiveCfg = Release|Any CPU
		{7BD8970E-0131-453C-BD7E-ACCD618EAE62}.Debug|Any CPU.ActiveCfg = Debug|Any CPU
		{7BD8970E-0131-453C-BD7E-ACCD618EAE62}.Debug|Any CPU.Build.0 = Debug|Any CPU
		{7BD8970E-0131-453C-BD7E-ACCD618EAE62}.Debug|Mixed Platforms.ActiveCfg = Debug|Any CPU
		{7BD8970E-0131-453C-BD7E-ACCD618EAE62}.Debug|Mixed Platforms.Build.0 = Debug|Any CPU
		{7BD8970E-0131-453C-BD7E-ACCD618EAE62}.Debug|x86.ActiveCfg = Debug|Any CPU
		{7BD8970E-0131-453C-BD7E-ACCD618EAE62}.Release|Any CPU.ActiveCfg = Release|Any CPU
		{7BD8970E-0131-453C-BD7E-ACCD618EAE62}.Release|Any CPU.Build.0 = Release|Any CPU
		{7BD8970E-0131-453C-BD7E-ACCD618EAE62}.Release|Mixed Platforms.ActiveCfg = Release|Any CPU
		{7BD8970E-0131-453C-BD7E-ACCD618EAE62}.Release|Mixed Platforms.Build.0 = Release|Any CPU
		{7BD8970E-0131-453C-BD7E-ACCD618EAE62}.Release|x86.ActiveCfg = Release|Any CPU
		{EFF64FF0-B5CC-48C5-9BC8-00245125BDC8}.Debug|Any CPU.ActiveCfg = Debug|Any CPU
		{EFF64FF0-B5CC-48C5-9BC8-00245125BDC8}.Debug|Any CPU.Build.0 = Debug|Any CPU
		{EFF64FF0-B5CC-48C5-9BC8-00245125BDC8}.Debug|Mixed Platforms.ActiveCfg = Debug|Any CPU
		{EFF64FF0-B5CC-48C5-9BC8-00245125BDC8}.Debug|Mixed Platforms.Build.0 = Debug|Any CPU
		{EFF64FF0-B5CC-48C5-9BC8-00245125BDC8}.Debug|x86.ActiveCfg = Debug|Any CPU
		{EFF64FF0-B5CC-48C5-9BC8-00245125BDC8}.Release|Any CPU.ActiveCfg = Release|Any CPU
		{EFF64FF0-B5CC-48C5-9BC8-00245125BDC8}.Release|Any CPU.Build.0 = Release|Any CPU
		{EFF64FF0-B5CC-48C5-9BC8-00245125BDC8}.Release|Mixed Platforms.ActiveCfg = Release|Any CPU
		{EFF64FF0-B5CC-48C5-9BC8-00245125BDC8}.Release|Mixed Platforms.Build.0 = Release|Any CPU
		{EFF64FF0-B5CC-48C5-9BC8-00245125BDC8}.Release|x86.ActiveCfg = Release|Any CPU
		{81AE3A02-27F8-4FFC-8D0F-519C2E5D73F6}.Debug|Any CPU.ActiveCfg = Debug|Any CPU
		{81AE3A02-27F8-4FFC-8D0F-519C2E5D73F6}.Debug|Any CPU.Build.0 = Debug|Any CPU
		{81AE3A02-27F8-4FFC-8D0F-519C2E5D73F6}.Debug|Mixed Platforms.ActiveCfg = Debug|Any CPU
		{81AE3A02-27F8-4FFC-8D0F-519C2E5D73F6}.Debug|Mixed Platforms.Build.0 = Debug|Any CPU
		{81AE3A02-27F8-4FFC-8D0F-519C2E5D73F6}.Debug|x86.ActiveCfg = Debug|Any CPU
		{81AE3A02-27F8-4FFC-8D0F-519C2E5D73F6}.Release|Any CPU.ActiveCfg = Release|Any CPU
		{81AE3A02-27F8-4FFC-8D0F-519C2E5D73F6}.Release|Any CPU.Build.0 = Release|Any CPU
		{81AE3A02-27F8-4FFC-8D0F-519C2E5D73F6}.Release|Mixed Platforms.ActiveCfg = Release|Any CPU
		{81AE3A02-27F8-4FFC-8D0F-519C2E5D73F6}.Release|Mixed Platforms.Build.0 = Release|Any CPU
		{81AE3A02-27F8-4FFC-8D0F-519C2E5D73F6}.Release|x86.ActiveCfg = Release|Any CPU
		{7621930A-DDE0-44EC-8348-45A6CE4DB3BB}.Debug|Any CPU.ActiveCfg = Debug|Any CPU
		{7621930A-DDE0-44EC-8348-45A6CE4DB3BB}.Debug|Any CPU.Build.0 = Debug|Any CPU
		{7621930A-DDE0-44EC-8348-45A6CE4DB3BB}.Debug|Mixed Platforms.ActiveCfg = Debug|Any CPU
		{7621930A-DDE0-44EC-8348-45A6CE4DB3BB}.Debug|Mixed Platforms.Build.0 = Debug|Any CPU
		{7621930A-DDE0-44EC-8348-45A6CE4DB3BB}.Debug|x86.ActiveCfg = Debug|Any CPU
		{7621930A-DDE0-44EC-8348-45A6CE4DB3BB}.Release|Any CPU.ActiveCfg = Release|Any CPU
		{7621930A-DDE0-44EC-8348-45A6CE4DB3BB}.Release|Any CPU.Build.0 = Release|Any CPU
		{7621930A-DDE0-44EC-8348-45A6CE4DB3BB}.Release|Mixed Platforms.ActiveCfg = Release|Any CPU
		{7621930A-DDE0-44EC-8348-45A6CE4DB3BB}.Release|Mixed Platforms.Build.0 = Release|Any CPU
		{7621930A-DDE0-44EC-8348-45A6CE4DB3BB}.Release|x86.ActiveCfg = Release|Any CPU
		{6802FAC4-EC2D-43E5-9493-593005F76AA9}.Debug|Any CPU.ActiveCfg = Debug|Any CPU
		{6802FAC4-EC2D-43E5-9493-593005F76AA9}.Debug|Any CPU.Build.0 = Debug|Any CPU
		{6802FAC4-EC2D-43E5-9493-593005F76AA9}.Debug|Mixed Platforms.ActiveCfg = Debug|Any CPU
		{6802FAC4-EC2D-43E5-9493-593005F76AA9}.Debug|Mixed Platforms.Build.0 = Debug|Any CPU
		{6802FAC4-EC2D-43E5-9493-593005F76AA9}.Debug|x86.ActiveCfg = Debug|Any CPU
		{6802FAC4-EC2D-43E5-9493-593005F76AA9}.Release|Any CPU.ActiveCfg = Release|Any CPU
		{6802FAC4-EC2D-43E5-9493-593005F76AA9}.Release|Any CPU.Build.0 = Release|Any CPU
		{6802FAC4-EC2D-43E5-9493-593005F76AA9}.Release|Mixed Platforms.ActiveCfg = Release|Any CPU
		{6802FAC4-EC2D-43E5-9493-593005F76AA9}.Release|Mixed Platforms.Build.0 = Release|Any CPU
		{6802FAC4-EC2D-43E5-9493-593005F76AA9}.Release|x86.ActiveCfg = Release|Any CPU
		{2F37A371-EED6-4D23-9FAF-776EC41221EC}.Debug|Any CPU.ActiveCfg = Debug|Any CPU
		{2F37A371-EED6-4D23-9FAF-776EC41221EC}.Debug|Any CPU.Build.0 = Debug|Any CPU
		{2F37A371-EED6-4D23-9FAF-776EC41221EC}.Debug|Mixed Platforms.ActiveCfg = Debug|Any CPU
		{2F37A371-EED6-4D23-9FAF-776EC41221EC}.Debug|Mixed Platforms.Build.0 = Debug|Any CPU
		{2F37A371-EED6-4D23-9FAF-776EC41221EC}.Debug|x86.ActiveCfg = Debug|Any CPU
		{2F37A371-EED6-4D23-9FAF-776EC41221EC}.Release|Any CPU.ActiveCfg = Release|Any CPU
		{2F37A371-EED6-4D23-9FAF-776EC41221EC}.Release|Any CPU.Build.0 = Release|Any CPU
		{2F37A371-EED6-4D23-9FAF-776EC41221EC}.Release|Mixed Platforms.ActiveCfg = Release|Any CPU
		{2F37A371-EED6-4D23-9FAF-776EC41221EC}.Release|Mixed Platforms.Build.0 = Release|Any CPU
		{2F37A371-EED6-4D23-9FAF-776EC41221EC}.Release|x86.ActiveCfg = Release|Any CPU
		{4EDA0F8A-8942-4606-B4AA-A7ADDB847B55}.Debug|Any CPU.ActiveCfg = Debug|Any CPU
		{4EDA0F8A-8942-4606-B4AA-A7ADDB847B55}.Debug|Any CPU.Build.0 = Debug|Any CPU
		{4EDA0F8A-8942-4606-B4AA-A7ADDB847B55}.Debug|Mixed Platforms.ActiveCfg = Debug|Any CPU
		{4EDA0F8A-8942-4606-B4AA-A7ADDB847B55}.Debug|Mixed Platforms.Build.0 = Debug|Any CPU
		{4EDA0F8A-8942-4606-B4AA-A7ADDB847B55}.Debug|x86.ActiveCfg = Debug|Any CPU
		{4EDA0F8A-8942-4606-B4AA-A7ADDB847B55}.Release|Any CPU.ActiveCfg = Release|Any CPU
		{4EDA0F8A-8942-4606-B4AA-A7ADDB847B55}.Release|Any CPU.Build.0 = Release|Any CPU
		{4EDA0F8A-8942-4606-B4AA-A7ADDB847B55}.Release|Mixed Platforms.ActiveCfg = Release|Any CPU
		{4EDA0F8A-8942-4606-B4AA-A7ADDB847B55}.Release|Mixed Platforms.Build.0 = Release|Any CPU
		{4EDA0F8A-8942-4606-B4AA-A7ADDB847B55}.Release|x86.ActiveCfg = Release|Any CPU
		{62C9FD11-51EC-4CDA-B05B-0E57130781CF}.Debug|Any CPU.ActiveCfg = Debug|Any CPU
		{62C9FD11-51EC-4CDA-B05B-0E57130781CF}.Debug|Any CPU.Build.0 = Debug|Any CPU
		{62C9FD11-51EC-4CDA-B05B-0E57130781CF}.Debug|Mixed Platforms.ActiveCfg = Debug|Any CPU
		{62C9FD11-51EC-4CDA-B05B-0E57130781CF}.Debug|Mixed Platforms.Build.0 = Debug|Any CPU
		{62C9FD11-51EC-4CDA-B05B-0E57130781CF}.Debug|x86.ActiveCfg = Debug|Any CPU
		{62C9FD11-51EC-4CDA-B05B-0E57130781CF}.Release|Any CPU.ActiveCfg = Release|Any CPU
		{62C9FD11-51EC-4CDA-B05B-0E57130781CF}.Release|Any CPU.Build.0 = Release|Any CPU
		{62C9FD11-51EC-4CDA-B05B-0E57130781CF}.Release|Mixed Platforms.ActiveCfg = Release|Any CPU
		{62C9FD11-51EC-4CDA-B05B-0E57130781CF}.Release|Mixed Platforms.Build.0 = Release|Any CPU
		{62C9FD11-51EC-4CDA-B05B-0E57130781CF}.Release|x86.ActiveCfg = Release|Any CPU
		{2FB5F646-80FC-4FB0-8037-1DF9B751EE53}.Debug|Any CPU.ActiveCfg = Debug|Any CPU
		{2FB5F646-80FC-4FB0-8037-1DF9B751EE53}.Debug|Any CPU.Build.0 = Debug|Any CPU
		{2FB5F646-80FC-4FB0-8037-1DF9B751EE53}.Debug|Mixed Platforms.ActiveCfg = Debug|Any CPU
		{2FB5F646-80FC-4FB0-8037-1DF9B751EE53}.Debug|Mixed Platforms.Build.0 = Debug|Any CPU
		{2FB5F646-80FC-4FB0-8037-1DF9B751EE53}.Debug|x86.ActiveCfg = Debug|Any CPU
		{2FB5F646-80FC-4FB0-8037-1DF9B751EE53}.Release|Any CPU.ActiveCfg = Release|Any CPU
		{2FB5F646-80FC-4FB0-8037-1DF9B751EE53}.Release|Any CPU.Build.0 = Release|Any CPU
		{2FB5F646-80FC-4FB0-8037-1DF9B751EE53}.Release|Mixed Platforms.ActiveCfg = Release|Any CPU
		{2FB5F646-80FC-4FB0-8037-1DF9B751EE53}.Release|Mixed Platforms.Build.0 = Release|Any CPU
		{2FB5F646-80FC-4FB0-8037-1DF9B751EE53}.Release|x86.ActiveCfg = Release|Any CPU
	EndGlobalSection
	GlobalSection(SolutionProperties) = preSolution
		HideSolutionNode = FALSE
	EndGlobalSection
	GlobalSection(NestedProjects) = preSolution
		{50E3171E-EBB7-4225-9BD9-1D909C22073B} = {E5CB8E08-5D08-4CFA-866E-3E492A9C3FAD}
		{8EE749A3-6A8B-44AF-A9B1-2437F1EACA2B} = {E5CB8E08-5D08-4CFA-866E-3E492A9C3FAD}
		{002D3D55-C2A9-4667-B248-022388C1E830} = {E5CB8E08-5D08-4CFA-866E-3E492A9C3FAD}
		{3EF0DF6C-0A90-4879-9E19-92839FCEB8BB} = {E5CB8E08-5D08-4CFA-866E-3E492A9C3FAD}
		{ECBB715F-3244-4DD1-A1C4-773C290CC989} = {E5CB8E08-5D08-4CFA-866E-3E492A9C3FAD}
		{DD8DCDAA-22FD-4729-8886-AD134EC78DF6} = {E5CB8E08-5D08-4CFA-866E-3E492A9C3FAD}
		{3BEBFCF9-2E28-44A9-8922-0B7CFB3C34BB} = {E5CB8E08-5D08-4CFA-866E-3E492A9C3FAD}
		{B2174786-91FA-4F84-A458-4BDDCEEEDC2A} = {E5CB8E08-5D08-4CFA-866E-3E492A9C3FAD}
		{3E539EF8-339F-4000-9302-E318EC6ABEEA} = {50E3171E-EBB7-4225-9BD9-1D909C22073B}
		{A0057A85-D172-457E-8A83-6CC6145A02AF} = {50E3171E-EBB7-4225-9BD9-1D909C22073B}
		{50D7D4E2-3C59-4D55-A181-99B003110BF8} = {2A0423D8-DDD9-4186-8EF4-55FEB7C729EA}
		{B7F31D00-6253-4703-8E53-BBC70EF468F9} = {2A0423D8-DDD9-4186-8EF4-55FEB7C729EA}
		{EC392C21-8573-4624-AE58-2734559F811E} = {2A0423D8-DDD9-4186-8EF4-55FEB7C729EA}
		{EDF54816-F616-4B5D-8AFC-38D620152006} = {2A0423D8-DDD9-4186-8EF4-55FEB7C729EA}
		{B7BCF3C6-F925-4324-B3C9-E8131F39D8CB} = {2A0423D8-DDD9-4186-8EF4-55FEB7C729EA}
		{B5852999-BED0-4D22-BBBB-7682B049D115} = {50D7D4E2-3C59-4D55-A181-99B003110BF8}
		{3A375955-E2C4-4A61-8D01-4AD0694CA9AC} = {50D7D4E2-3C59-4D55-A181-99B003110BF8}
		{DE96B22F-EBB0-4F4A-B086-93399A435842} = {50D7D4E2-3C59-4D55-A181-99B003110BF8}
		{2D352991-034B-42DB-98ED-D093BE0A0128} = {B5852999-BED0-4D22-BBBB-7682B049D115}
		{2EF27A21-EF91-4989-89D7-690F7C21FC4F} = {B5852999-BED0-4D22-BBBB-7682B049D115}
		{F741D74D-CC78-4635-B7C5-464A0F1DD159} = {B5852999-BED0-4D22-BBBB-7682B049D115}
		{E683D040-B9A1-4AE4-94D7-F465395DE837} = {B5852999-BED0-4D22-BBBB-7682B049D115}
		{EA9EB42B-6F24-419A-8709-6ADC908DEA59} = {B5852999-BED0-4D22-BBBB-7682B049D115}
		{73A10568-0A8C-45DC-99A5-BC3F8DDA153D} = {3A375955-E2C4-4A61-8D01-4AD0694CA9AC}
		{64A69516-7D0C-4819-957D-1558031F2997} = {2D352991-034B-42DB-98ED-D093BE0A0128}
		{89339693-EE17-457B-9DBF-DA1699CDA433} = {2D352991-034B-42DB-98ED-D093BE0A0128}
		{DDB2CF73-6FEE-4B51-9B57-7D085F285A42} = {E683D040-B9A1-4AE4-94D7-F465395DE837}
		{39FEC018-3521-4EE7-891B-637867ED607B} = {56E0C33C-8AD8-41CA-81BA-3071D39BE99E}
		{A4C6E39E-7215-46AC-8AD1-8EEC0E58FED9} = {39FEC018-3521-4EE7-891B-637867ED607B}
		{23FE8445-6903-466F-88DF-E10FCC2AE7C2} = {A4C6E39E-7215-46AC-8AD1-8EEC0E58FED9}
		{EFE1B46F-232E-49D4-ADBC-9FD3150DAC27} = {A4C6E39E-7215-46AC-8AD1-8EEC0E58FED9}
		{F7AB5AFB-0B79-4461-8F32-1CA178E8021F} = {A4C6E39E-7215-46AC-8AD1-8EEC0E58FED9}
		{5708410A-D054-42C3-97AA-940E927796A7} = {23FE8445-6903-466F-88DF-E10FCC2AE7C2}
		{21D8EBCB-1AC4-4B90-86F2-1ECAB7B14525} = {23FE8445-6903-466F-88DF-E10FCC2AE7C2}
		{7E21DCD0-4812-4EE1-A1B3-50962BDB40AE} = {23FE8445-6903-466F-88DF-E10FCC2AE7C2}
		{B29305F1-E1A9-4456-B1AB-837701B3CF23} = {23FE8445-6903-466F-88DF-E10FCC2AE7C2}
		{696F5EA1-6ABD-4255-A1BA-5206C0F8B1AF} = {7E21DCD0-4812-4EE1-A1B3-50962BDB40AE}
		{BDC62FA7-36A9-44E1-9704-1707FC140891} = {7E21DCD0-4812-4EE1-A1B3-50962BDB40AE}
		{5AD0A237-C8D1-48A6-86E8-084A481CB980} = {7E21DCD0-4812-4EE1-A1B3-50962BDB40AE}
		{C2CB17A0-8890-41A5-B9E7-ADD1076A2924} = {7E21DCD0-4812-4EE1-A1B3-50962BDB40AE}
		{48527A44-6708-4F2F-92D7-D9340774432B} = {8EE749A3-6A8B-44AF-A9B1-2437F1EACA2B}
		{4AD68609-3ED9-42ED-8E60-55803D012114} = {8EE749A3-6A8B-44AF-A9B1-2437F1EACA2B}
		{B16F3210-B60D-4DD0-9CC5-AAC7719AC04B} = {B7F31D00-6253-4703-8E53-BBC70EF468F9}
		{BE26DF22-3267-4208-93F1-BB36AA7F1163} = {B7F31D00-6253-4703-8E53-BBC70EF468F9}
		{68B5932D-FBB9-4AC3-B2AB-16DD9694CA54} = {B16F3210-B60D-4DD0-9CC5-AAC7719AC04B}
		{843F919E-EF99-44CA-B009-B28D66F7F8AF} = {BE26DF22-3267-4208-93F1-BB36AA7F1163}
		{F8AE363A-F22E-4E21-990D-5133C21F2AE2} = {B29305F1-E1A9-4456-B1AB-837701B3CF23}
		{38E314F1-B8FC-4E72-B672-1F9709544FE4} = {B29305F1-E1A9-4456-B1AB-837701B3CF23}
		{4B78B01F-D3B7-4596-A99D-CD728A777D10} = {B29305F1-E1A9-4456-B1AB-837701B3CF23}
		{89B02CDE-4985-4F1A-AD16-A492EC324705} = {B29305F1-E1A9-4456-B1AB-837701B3CF23}
		{F24E8D60-172F-45C0-8C0B-7A418755D5BD} = {B29305F1-E1A9-4456-B1AB-837701B3CF23}
		{60836B17-D49F-4B26-B3A6-B1A522DE8108} = {B29305F1-E1A9-4456-B1AB-837701B3CF23}
		{4E957EE7-1182-4F69-87DB-F5BB201256D5} = {EC392C21-8573-4624-AE58-2734559F811E}
		{1007D93B-2CBE-4F11-88CC-791D2F97F87A} = {4E957EE7-1182-4F69-87DB-F5BB201256D5}
		{D3F36583-55BB-4BA6-A7FD-623F77F9743B} = {4E957EE7-1182-4F69-87DB-F5BB201256D5}
		{D0B27DE4-E197-421C-97F8-3B5EEB4DB28B} = {002D3D55-C2A9-4667-B248-022388C1E830}
		{D4105B2A-8ED2-4236-B508-5AFB8424D702} = {3EF0DF6C-0A90-4879-9E19-92839FCEB8BB}
		{E554F038-5E57-49CA-B20C-52A15BF0F61B} = {3EF0DF6C-0A90-4879-9E19-92839FCEB8BB}
		{5EF86848-BBA2-4903-9D9B-78AFD0C0EC83} = {2DB460DE-6255-4D31-9C3C-94E3533E3B9D}
		{3888CE7E-DFB0-492C-AB20-53798FD9BE37} = {5EF86848-BBA2-4903-9D9B-78AFD0C0EC83}
		{8D1EB312-C736-42FD-826A-8173F22FB20D} = {3888CE7E-DFB0-492C-AB20-53798FD9BE37}
		{5CFBB444-9734-41A7-A6E8-399B1C6A3CDF} = {3888CE7E-DFB0-492C-AB20-53798FD9BE37}
		{F0CED6A6-A47D-4060-826D-8A5E6B11C77D} = {3888CE7E-DFB0-492C-AB20-53798FD9BE37}
		{CDD13DC2-C07D-4C09-9C82-2711F7AF8A64} = {EDF54816-F616-4B5D-8AFC-38D620152006}
		{EC58150C-9EB3-4841-9CC9-A1C3F555A786} = {EDF54816-F616-4B5D-8AFC-38D620152006}
		{60768E20-B050-4D8A-839B-B7364C403121} = {CDD13DC2-C07D-4C09-9C82-2711F7AF8A64}
		{0A4685FF-19D1-429B-BD39-C5D032ACD0E9} = {7F40AC6C-443D-4C8C-8075-0462090DDE51}
		{DB9BD4B9-102E-4393-85D0-47C140E60DBF} = {7F40AC6C-443D-4C8C-8075-0462090DDE51}
		{7908AA3C-C6C7-4997-84B0-70103FB13CB3} = {7F40AC6C-443D-4C8C-8075-0462090DDE51}
		{CB3E15F2-870D-4FE5-BD6B-EC00325513D4} = {ECBB715F-3244-4DD1-A1C4-773C290CC989}
		{44A95372-717B-4758-BFA5-329023F97E59} = {ECBB715F-3244-4DD1-A1C4-773C290CC989}
		{F2302060-16B5-41C6-B4DF-18A2CD927B05} = {DD8DCDAA-22FD-4729-8886-AD134EC78DF6}
		{1ECA9B91-192D-4A74-9257-AD2E6EA684C2} = {3BEBFCF9-2E28-44A9-8922-0B7CFB3C34BB}
		{244CC7C5-0498-4544-B01E-9C718F20E968} = {6816FA90-771B-4638-8A2B-AF39A3121740}
		{EFF64FF0-B5CC-48C5-9BC8-00245125BDC8} = {6816FA90-771B-4638-8A2B-AF39A3121740}
		{81AE3A02-27F8-4FFC-8D0F-519C2E5D73F6} = {6816FA90-771B-4638-8A2B-AF39A3121740}
		{7621930A-DDE0-44EC-8348-45A6CE4DB3BB} = {6816FA90-771B-4638-8A2B-AF39A3121740}
		{6802FAC4-EC2D-43E5-9493-593005F76AA9} = {6816FA90-771B-4638-8A2B-AF39A3121740}
		{2F37A371-EED6-4D23-9FAF-776EC41221EC} = {6816FA90-771B-4638-8A2B-AF39A3121740}
		{4EDA0F8A-8942-4606-B4AA-A7ADDB847B55} = {6816FA90-771B-4638-8A2B-AF39A3121740}
		{3792106F-E09D-42B8-B1C0-5B5E18DCC0C4} = {B2174786-91FA-4F84-A458-4BDDCEEEDC2A}
		{28DFF3BA-C1E6-4A47-A32D-D65014C59401} = {DB9BD4B9-102E-4393-85D0-47C140E60DBF}
		{13110844-199A-4EE2-B4C1-B9CD24ED1C55} = {DB9BD4B9-102E-4393-85D0-47C140E60DBF}
		{DCC23537-8648-4D34-87AC-1A0967BDA6B1} = {DB9BD4B9-102E-4393-85D0-47C140E60DBF}
		{19E388AD-A32B-4235-A94E-C9A2ECBC17D6} = {DB9BD4B9-102E-4393-85D0-47C140E60DBF}
		{27816A40-5C47-4F24-9A81-A1981CC62653} = {DB9BD4B9-102E-4393-85D0-47C140E60DBF}
		{5B4CA02B-4275-4EFA-B1D4-0776652ACC31} = {DB9BD4B9-102E-4393-85D0-47C140E60DBF}
		{2513474E-F15C-4C9A-A2D2-88F75184FB50} = {DB9BD4B9-102E-4393-85D0-47C140E60DBF}
		{2B25DE39-5627-465E-B8F4-016F9EDDF360} = {28DFF3BA-C1E6-4A47-A32D-D65014C59401}
		{5BDB396E-0C3E-426B-A929-D49BB5792BFE} = {28DFF3BA-C1E6-4A47-A32D-D65014C59401}
		{679614EC-6CF3-4D8E-A0E5-459B8622C04A} = {13110844-199A-4EE2-B4C1-B9CD24ED1C55}
		{EA538080-8405-4FF3-89A8-ECBBD5D1D59C} = {13110844-199A-4EE2-B4C1-B9CD24ED1C55}
		{3F4EAE83-101F-4CBF-83FE-812A8461FB9B} = {13110844-199A-4EE2-B4C1-B9CD24ED1C55}
		{1550717C-4AD3-418D-BE65-C5912AA58237} = {13110844-199A-4EE2-B4C1-B9CD24ED1C55}
		{6E9BA46D-F57B-4D51-A3BA-458DA74C4040} = {13110844-199A-4EE2-B4C1-B9CD24ED1C55}
		{BA3BBA48-6DB2-4969-BACB-6AB70C218F10} = {13110844-199A-4EE2-B4C1-B9CD24ED1C55}
		{4DEF010E-FDA4-46BC-85B7-1F80BA819F46} = {13110844-199A-4EE2-B4C1-B9CD24ED1C55}
		{3794DF5E-6270-41FB-81D7-028FC3A446B3} = {13110844-199A-4EE2-B4C1-B9CD24ED1C55}
		{90072215-173F-4F5D-BDFB-62BCB6FB20B1} = {7908AA3C-C6C7-4997-84B0-70103FB13CB3}
		{1D52D28D-B69C-409A-A309-D62E82D56A73} = {90072215-173F-4F5D-BDFB-62BCB6FB20B1}
		{E715B859-ABDF-46CA-92EA-18F010ABB642} = {90072215-173F-4F5D-BDFB-62BCB6FB20B1}
		{2FD0EA66-D19B-4335-8E5F-599208A1082A} = {EC58150C-9EB3-4841-9CC9-A1C3F555A786}
		{C4E51F6B-8DEA-43B4-90E2-24E818B099E1} = {2FD0EA66-D19B-4335-8E5F-599208A1082A}
		{B0A2BE61-F077-47DD-82AA-8401CF32DC75} = {DCC23537-8648-4D34-87AC-1A0967BDA6B1}
		{A6B913CC-00F4-4F62-9A8C-CF511F0FF07F} = {DCC23537-8648-4D34-87AC-1A0967BDA6B1}
		{B533EA33-EFCD-479B-A134-D9A701ED6033} = {DCC23537-8648-4D34-87AC-1A0967BDA6B1}
		{E027EDA2-A813-43A4-BC01-25C23B304200} = {DCC23537-8648-4D34-87AC-1A0967BDA6B1}
		{97C71A9E-6E62-4735-9218-D120B2B5E1E5} = {19E388AD-A32B-4235-A94E-C9A2ECBC17D6}
		{A4452EF0-D4D2-4A6D-93BE-4DA15F959B9A} = {27816A40-5C47-4F24-9A81-A1981CC62653}
		{B1CF5FD9-4F8C-4ACD-959E-30481367733E} = {5B4CA02B-4275-4EFA-B1D4-0776652ACC31}
		{D6B1FABC-2148-402E-99BA-11A84CD6B872} = {2513474E-F15C-4C9A-A2D2-88F75184FB50}
		{E6978796-88C5-44FD-AFBA-88C8248ADF46} = {2513474E-F15C-4C9A-A2D2-88F75184FB50}
		{7BD8970E-0131-453C-BD7E-ACCD618EAE62} = {F7AB5AFB-0B79-4461-8F32-1CA178E8021F}
		{62C9FD11-51EC-4CDA-B05B-0E57130781CF} = {73A10568-0A8C-45DC-99A5-BC3F8DDA153D}
		{159E6AE3-BA80-4C1D-978C-68AF7E687893} = {B7BCF3C6-F925-4324-B3C9-E8131F39D8CB}
		{2FB5F646-80FC-4FB0-8037-1DF9B751EE53} = {159E6AE3-BA80-4C1D-978C-68AF7E687893}
	EndGlobalSection
EndGlobal
